// !$*UTF8*$!
{
	archiveVersion = 1;
	classes = {
	};
	objectVersion = 50;
	objects = {

/* Begin PBXBuildFile section */
		247A72B5232F9FB000883A89 /* AFOFFMpegLib.h in Headers */ = {isa = PBXBuildFile; fileRef = 247A72B3232F9FB000883A89 /* AFOFFMpegLib.h */; settings = {ATTRIBUTES = (Public, ); }; };
		247A73B6232FA0DF00883A89 /* VideoToolbox.framework in Frameworks */ = {isa = PBXBuildFile; fileRef = 247A73B5232FA0DF00883A89 /* VideoToolbox.framework */; };
		247A73B8232FA0EF00883A89 /* CoreMedia.framework in Frameworks */ = {isa = PBXBuildFile; fileRef = 247A73B7232FA0EF00883A89 /* CoreMedia.framework */; };
		247A73BA232FA0F900883A89 /* CoreGraphics.framework in Frameworks */ = {isa = PBXBuildFile; fileRef = 247A73B9232FA0F900883A89 /* CoreGraphics.framework */; };
		247A73BC232FA10300883A89 /* CoreImage.framework in Frameworks */ = {isa = PBXBuildFile; fileRef = 247A73BB232FA10300883A89 /* CoreImage.framework */; };
		247A73BE232FA10D00883A89 /* OpenGLES.framework in Frameworks */ = {isa = PBXBuildFile; fileRef = 247A73BD232FA10D00883A89 /* OpenGLES.framework */; };
		247A73C0232FA11500883A89 /* AVFoundation.framework in Frameworks */ = {isa = PBXBuildFile; fileRef = 247A73BF232FA11500883A89 /* AVFoundation.framework */; };
		247A73C2232FA12100883A89 /* AudioToolbox.framework in Frameworks */ = {isa = PBXBuildFile; fileRef = 247A73C1232FA12100883A89 /* AudioToolbox.framework */; };
		247A73CD232FA5E200883A89 /* aacdecoder_lib.h in Headers */ = {isa = PBXBuildFile; fileRef = 247A73C6232FA5E200883A89 /* aacdecoder_lib.h */; settings = {ATTRIBUTES = (Public, ); }; };
		247A73CE232FA5E200883A89 /* machine_type.h in Headers */ = {isa = PBXBuildFile; fileRef = 247A73C7232FA5E200883A89 /* machine_type.h */; settings = {ATTRIBUTES = (Public, ); }; };
		247A73CF232FA5E200883A89 /* aacenc_lib.h in Headers */ = {isa = PBXBuildFile; fileRef = 247A73C8232FA5E200883A89 /* aacenc_lib.h */; settings = {ATTRIBUTES = (Public, ); }; };
		247A73D0232FA5E200883A89 /* genericStds.h in Headers */ = {isa = PBXBuildFile; fileRef = 247A73C9232FA5E200883A89 /* genericStds.h */; settings = {ATTRIBUTES = (Public, ); }; };
		247A73D1232FA5E200883A89 /* FDK_audio.h in Headers */ = {isa = PBXBuildFile; fileRef = 247A73CA232FA5E200883A89 /* FDK_audio.h */; settings = {ATTRIBUTES = (Public, ); }; };
		247A73D2232FA5E200883A89 /* libfdk-aac.a in Frameworks */ = {isa = PBXBuildFile; fileRef = 247A73CC232FA5E200883A89 /* libfdk-aac.a */; };
		247A73D8232FA5EB00883A89 /* xvid.h in Headers */ = {isa = PBXBuildFile; fileRef = 247A73D5232FA5EB00883A89 /* xvid.h */; settings = {ATTRIBUTES = (Public, ); }; };
		247A73D9232FA5EB00883A89 /* libxvidcore.a in Frameworks */ = {isa = PBXBuildFile; fileRef = 247A73D7232FA5EB00883A89 /* libxvidcore.a */; };
		247A7410232FA5F600883A89 /* x264_config.h in Headers */ = {isa = PBXBuildFile; fileRef = 247A740C232FA5F600883A89 /* x264_config.h */; settings = {ATTRIBUTES = (Public, ); }; };
		247A7411232FA5F600883A89 /* x264.h in Headers */ = {isa = PBXBuildFile; fileRef = 247A740D232FA5F600883A89 /* x264.h */; settings = {ATTRIBUTES = (Public, ); }; };
		247A7412232FA5F600883A89 /* libx264.a in Frameworks */ = {isa = PBXBuildFile; fileRef = 247A740F232FA5F600883A89 /* libx264.a */; };
		24BBDBD8233368D8006F920E /* hwcontext.h in Headers */ = {isa = PBXBuildFile; fileRef = 24BBDB5B233368D7006F920E /* hwcontext.h */; };
		24BBDBD9233368D8006F920E /* time.h in Headers */ = {isa = PBXBuildFile; fileRef = 24BBDB5C233368D7006F920E /* time.h */; };
		24BBDBDA233368D8006F920E /* hwcontext_cuda.h in Headers */ = {isa = PBXBuildFile; fileRef = 24BBDB5D233368D7006F920E /* hwcontext_cuda.h */; };
		24BBDBDB233368D8006F920E /* intfloat.h in Headers */ = {isa = PBXBuildFile; fileRef = 24BBDB5E233368D7006F920E /* intfloat.h */; };
		24BBDBDC233368D8006F920E /* error.h in Headers */ = {isa = PBXBuildFile; fileRef = 24BBDB5F233368D7006F920E /* error.h */; };
		24BBDBDD233368D8006F920E /* fifo.h in Headers */ = {isa = PBXBuildFile; fileRef = 24BBDB60233368D7006F920E /* fifo.h */; };
		24BBDBDE233368D8006F920E /* blowfish.h in Headers */ = {isa = PBXBuildFile; fileRef = 24BBDB61233368D7006F920E /* blowfish.h */; };
		24BBDBDF233368D8006F920E /* replaygain.h in Headers */ = {isa = PBXBuildFile; fileRef = 24BBDB62233368D7006F920E /* replaygain.h */; };
		24BBDBE0233368D8006F920E /* version.h in Headers */ = {isa = PBXBuildFile; fileRef = 24BBDB63233368D7006F920E /* version.h */; };
		24BBDBE1233368D8006F920E /* murmur3.h in Headers */ = {isa = PBXBuildFile; fileRef = 24BBDB64233368D7006F920E /* murmur3.h */; };
		24BBDBE2233368D8006F920E /* stereo3d.h in Headers */ = {isa = PBXBuildFile; fileRef = 24BBDB65233368D7006F920E /* stereo3d.h */; };
		24BBDBE3233368D8006F920E /* samplefmt.h in Headers */ = {isa = PBXBuildFile; fileRef = 24BBDB66233368D7006F920E /* samplefmt.h */; };
		24BBDBE4233368D8006F920E /* pixdesc.h in Headers */ = {isa = PBXBuildFile; fileRef = 24BBDB67233368D7006F920E /* pixdesc.h */; };
		24BBDBE5233368D8006F920E /* base64.h in Headers */ = {isa = PBXBuildFile; fileRef = 24BBDB68233368D7006F920E /* base64.h */; };
		24BBDBE6233368D8006F920E /* rational.h in Headers */ = {isa = PBXBuildFile; fileRef = 24BBDB69233368D7006F920E /* rational.h */; };
		24BBDBE7233368D8006F920E /* sha.h in Headers */ = {isa = PBXBuildFile; fileRef = 24BBDB6A233368D7006F920E /* sha.h */; };
		24BBDBE8233368D8006F920E /* motion_vector.h in Headers */ = {isa = PBXBuildFile; fileRef = 24BBDB6B233368D7006F920E /* motion_vector.h */; };
		24BBDBE9233368D8006F920E /* avconfig.h in Headers */ = {isa = PBXBuildFile; fileRef = 24BBDB6C233368D7006F920E /* avconfig.h */; };
		24BBDBEA233368D8006F920E /* lfg.h in Headers */ = {isa = PBXBuildFile; fileRef = 24BBDB6D233368D7006F920E /* lfg.h */; };
		24BBDBEB233368D8006F920E /* avutil.h in Headers */ = {isa = PBXBuildFile; fileRef = 24BBDB6E233368D7006F920E /* avutil.h */; };
		24BBDBEC233368D8006F920E /* xtea.h in Headers */ = {isa = PBXBuildFile; fileRef = 24BBDB6F233368D7006F920E /* xtea.h */; };
		24BBDBED233368D8006F920E /* crc.h in Headers */ = {isa = PBXBuildFile; fileRef = 24BBDB70233368D7006F920E /* crc.h */; };
		24BBDBEE233368D8006F920E /* hwcontext_vdpau.h in Headers */ = {isa = PBXBuildFile; fileRef = 24BBDB71233368D7006F920E /* hwcontext_vdpau.h */; };
		24BBDBEF233368D8006F920E /* frame.h in Headers */ = {isa = PBXBuildFile; fileRef = 24BBDB72233368D7006F920E /* frame.h */; };
		24BBDBF0233368D8006F920E /* file.h in Headers */ = {isa = PBXBuildFile; fileRef = 24BBDB73233368D7006F920E /* file.h */; };
		24BBDBF1233368D8006F920E /* md5.h in Headers */ = {isa = PBXBuildFile; fileRef = 24BBDB74233368D7006F920E /* md5.h */; };
		24BBDBF2233368D8006F920E /* cast5.h in Headers */ = {isa = PBXBuildFile; fileRef = 24BBDB75233368D7006F920E /* cast5.h */; };
		24BBDBF3233368D8006F920E /* hwcontext_vaapi.h in Headers */ = {isa = PBXBuildFile; fileRef = 24BBDB76233368D7006F920E /* hwcontext_vaapi.h */; };
		24BBDBF4233368D8006F920E /* spherical.h in Headers */ = {isa = PBXBuildFile; fileRef = 24BBDB77233368D7006F920E /* spherical.h */; };
		24BBDBF5233368D8006F920E /* ffversion.h in Headers */ = {isa = PBXBuildFile; fileRef = 24BBDB78233368D7006F920E /* ffversion.h */; };
		24BBDBF6233368D8006F920E /* audio_fifo.h in Headers */ = {isa = PBXBuildFile; fileRef = 24BBDB79233368D7006F920E /* audio_fifo.h */; };
		24BBDBF7233368D8006F920E /* tree.h in Headers */ = {isa = PBXBuildFile; fileRef = 24BBDB7A233368D7006F920E /* tree.h */; };
		24BBDBF8233368D8006F920E /* threadmessage.h in Headers */ = {isa = PBXBuildFile; fileRef = 24BBDB7B233368D7006F920E /* threadmessage.h */; };
		24BBDBF9233368D8006F920E /* attributes.h in Headers */ = {isa = PBXBuildFile; fileRef = 24BBDB7C233368D7006F920E /* attributes.h */; };
		24BBDBFA233368D8006F920E /* adler32.h in Headers */ = {isa = PBXBuildFile; fileRef = 24BBDB7D233368D7006F920E /* adler32.h */; };
		24BBDBFB233368D8006F920E /* hwcontext_d3d11va.h in Headers */ = {isa = PBXBuildFile; fileRef = 24BBDB7E233368D7006F920E /* hwcontext_d3d11va.h */; };
		24BBDBFC233368D8006F920E /* timecode.h in Headers */ = {isa = PBXBuildFile; fileRef = 24BBDB7F233368D7006F920E /* timecode.h */; };
		24BBDBFD233368D8006F920E /* sha512.h in Headers */ = {isa = PBXBuildFile; fileRef = 24BBDB80233368D7006F920E /* sha512.h */; };
		24BBDBFE233368D8006F920E /* hwcontext_dxva2.h in Headers */ = {isa = PBXBuildFile; fileRef = 24BBDB81233368D7006F920E /* hwcontext_dxva2.h */; };
		24BBDBFF233368D8006F920E /* display.h in Headers */ = {isa = PBXBuildFile; fileRef = 24BBDB82233368D7006F920E /* display.h */; };
		24BBDC00233368D8006F920E /* buffer.h in Headers */ = {isa = PBXBuildFile; fileRef = 24BBDB83233368D7006F920E /* buffer.h */; };
		24BBDC01233368D8006F920E /* camellia.h in Headers */ = {isa = PBXBuildFile; fileRef = 24BBDB84233368D7006F920E /* camellia.h */; };
		24BBDC02233368D8006F920E /* pixelutils.h in Headers */ = {isa = PBXBuildFile; fileRef = 24BBDB85233368D7006F920E /* pixelutils.h */; };
		24BBDC03233368D8006F920E /* hwcontext_drm.h in Headers */ = {isa = PBXBuildFile; fileRef = 24BBDB86233368D7006F920E /* hwcontext_drm.h */; };
		24BBDC04233368D8006F920E /* common.h in Headers */ = {isa = PBXBuildFile; fileRef = 24BBDB87233368D7006F920E /* common.h */; };
		24BBDC05233368D8006F920E /* hmac.h in Headers */ = {isa = PBXBuildFile; fileRef = 24BBDB88233368D7006F920E /* hmac.h */; };
		24BBDC06233368D8006F920E /* eval.h in Headers */ = {isa = PBXBuildFile; fileRef = 24BBDB89233368D7006F920E /* eval.h */; };
		24BBDC07233368D8006F920E /* dict.h in Headers */ = {isa = PBXBuildFile; fileRef = 24BBDB8A233368D7006F920E /* dict.h */; };
		24BBDC08233368D8006F920E /* random_seed.h in Headers */ = {isa = PBXBuildFile; fileRef = 24BBDB8B233368D7006F920E /* random_seed.h */; };
		24BBDC09233368D8006F920E /* opt.h in Headers */ = {isa = PBXBuildFile; fileRef = 24BBDB8C233368D7006F920E /* opt.h */; };
		24BBDC0A233368D8006F920E /* mastering_display_metadata.h in Headers */ = {isa = PBXBuildFile; fileRef = 24BBDB8D233368D7006F920E /* mastering_display_metadata.h */; };
		24BBDC0B233368D8006F920E /* log.h in Headers */ = {isa = PBXBuildFile; fileRef = 24BBDB8E233368D7006F920E /* log.h */; };
		24BBDC0C233368D8006F920E /* aes.h in Headers */ = {isa = PBXBuildFile; fileRef = 24BBDB8F233368D7006F920E /* aes.h */; };
		24BBDC0D233368D8006F920E /* macros.h in Headers */ = {isa = PBXBuildFile; fileRef = 24BBDB90233368D7006F920E /* macros.h */; };
		24BBDC0E233368D8006F920E /* bswap.h in Headers */ = {isa = PBXBuildFile; fileRef = 24BBDB91233368D7006F920E /* bswap.h */; };
		24BBDC0F233368D8006F920E /* rc4.h in Headers */ = {isa = PBXBuildFile; fileRef = 24BBDB92233368D7006F920E /* rc4.h */; };
		24BBDC10233368D8006F920E /* tea.h in Headers */ = {isa = PBXBuildFile; fileRef = 24BBDB93233368D7006F920E /* tea.h */; };
		24BBDC11233368D8006F920E /* cpu.h in Headers */ = {isa = PBXBuildFile; fileRef = 24BBDB94233368D7006F920E /* cpu.h */; };
		24BBDC12233368D8006F920E /* lzo.h in Headers */ = {isa = PBXBuildFile; fileRef = 24BBDB95233368D7006F920E /* lzo.h */; };
		24BBDC13233368D8006F920E /* des.h in Headers */ = {isa = PBXBuildFile; fileRef = 24BBDB96233368D7006F920E /* des.h */; };
		24BBDC14233368D8006F920E /* channel_layout.h in Headers */ = {isa = PBXBuildFile; fileRef = 24BBDB97233368D7006F920E /* channel_layout.h */; };
		24BBDC15233368D8006F920E /* twofish.h in Headers */ = {isa = PBXBuildFile; fileRef = 24BBDB98233368D7006F920E /* twofish.h */; };
		24BBDC16233368D8006F920E /* imgutils.h in Headers */ = {isa = PBXBuildFile; fileRef = 24BBDB99233368D7006F920E /* imgutils.h */; };
		24BBDC17233368D8006F920E /* hwcontext_videotoolbox.h in Headers */ = {isa = PBXBuildFile; fileRef = 24BBDB9A233368D7006F920E /* hwcontext_videotoolbox.h */; };
		24BBDC18233368D8006F920E /* mem.h in Headers */ = {isa = PBXBuildFile; fileRef = 24BBDB9B233368D7006F920E /* mem.h */; };
		24BBDC19233368D8006F920E /* parseutils.h in Headers */ = {isa = PBXBuildFile; fileRef = 24BBDB9C233368D7006F920E /* parseutils.h */; };
		24BBDC1A233368D8006F920E /* ripemd.h in Headers */ = {isa = PBXBuildFile; fileRef = 24BBDB9D233368D7006F920E /* ripemd.h */; };
		24BBDC1B233368D8006F920E /* bprint.h in Headers */ = {isa = PBXBuildFile; fileRef = 24BBDB9E233368D7006F920E /* bprint.h */; };
		24BBDC1C233368D8006F920E /* hwcontext_qsv.h in Headers */ = {isa = PBXBuildFile; fileRef = 24BBDB9F233368D7006F920E /* hwcontext_qsv.h */; };
		24BBDC1D233368D8006F920E /* pixfmt.h in Headers */ = {isa = PBXBuildFile; fileRef = 24BBDBA0233368D7006F920E /* pixfmt.h */; };
		24BBDC1E233368D8006F920E /* aes_ctr.h in Headers */ = {isa = PBXBuildFile; fileRef = 24BBDBA1233368D7006F920E /* aes_ctr.h */; };
		24BBDC1F233368D8006F920E /* timestamp.h in Headers */ = {isa = PBXBuildFile; fileRef = 24BBDBA2233368D7006F920E /* timestamp.h */; };
		24BBDC20233368D8006F920E /* downmix_info.h in Headers */ = {isa = PBXBuildFile; fileRef = 24BBDBA3233368D7006F920E /* downmix_info.h */; };
		24BBDC21233368D8006F920E /* avassert.h in Headers */ = {isa = PBXBuildFile; fileRef = 24BBDBA4233368D8006F920E /* avassert.h */; };
		24BBDC22233368D8006F920E /* hash.h in Headers */ = {isa = PBXBuildFile; fileRef = 24BBDBA5233368D8006F920E /* hash.h */; };
		24BBDC23233368D8006F920E /* mathematics.h in Headers */ = {isa = PBXBuildFile; fileRef = 24BBDBA6233368D8006F920E /* mathematics.h */; };
		24BBDC24233368D8006F920E /* intreadwrite.h in Headers */ = {isa = PBXBuildFile; fileRef = 24BBDBA7233368D8006F920E /* intreadwrite.h */; };
		24BBDC25233368D8006F920E /* avstring.h in Headers */ = {isa = PBXBuildFile; fileRef = 24BBDBA8233368D8006F920E /* avstring.h */; };
		24BBDC28233368D8006F920E /* version.h in Headers */ = {isa = PBXBuildFile; fileRef = 24BBDBAD233368D8006F920E /* version.h */; };
		24BBDC29233368D8006F920E /* avio.h in Headers */ = {isa = PBXBuildFile; fileRef = 24BBDBAE233368D8006F920E /* avio.h */; };
		24BBDC2A233368D8006F920E /* avformat.h in Headers */ = {isa = PBXBuildFile; fileRef = 24BBDBAF233368D8006F920E /* avformat.h */; };
		24BBDC2B233368D8006F920E /* version.h in Headers */ = {isa = PBXBuildFile; fileRef = 24BBDBB1233368D8006F920E /* version.h */; };
		24BBDC2C233368D8006F920E /* swscale.h in Headers */ = {isa = PBXBuildFile; fileRef = 24BBDBB2233368D8006F920E /* swscale.h */; };
		24BBDC2D233368D8006F920E /* avcodec.h in Headers */ = {isa = PBXBuildFile; fileRef = 24BBDBB4233368D8006F920E /* avcodec.h */; };
		24BBDC2E233368D8006F920E /* version.h in Headers */ = {isa = PBXBuildFile; fileRef = 24BBDBB5233368D8006F920E /* version.h */; };
		24BBDC2F233368D8006F920E /* vdpau.h in Headers */ = {isa = PBXBuildFile; fileRef = 24BBDBB6233368D8006F920E /* vdpau.h */; };
		24BBDC30233368D8006F920E /* qsv.h in Headers */ = {isa = PBXBuildFile; fileRef = 24BBDBB7233368D8006F920E /* qsv.h */; };
		24BBDC31233368D8006F920E /* vaapi.h in Headers */ = {isa = PBXBuildFile; fileRef = 24BBDBB8233368D8006F920E /* vaapi.h */; };
		24BBDC32233368D8006F920E /* videotoolbox.h in Headers */ = {isa = PBXBuildFile; fileRef = 24BBDBB9233368D8006F920E /* videotoolbox.h */; };
		24BBDC33233368D8006F920E /* xvmc.h in Headers */ = {isa = PBXBuildFile; fileRef = 24BBDBBA233368D8006F920E /* xvmc.h */; };
		24BBDC34233368D8006F920E /* mediacodec.h in Headers */ = {isa = PBXBuildFile; fileRef = 24BBDBBB233368D8006F920E /* mediacodec.h */; };
		24BBDC35233368D8006F920E /* d3d11va.h in Headers */ = {isa = PBXBuildFile; fileRef = 24BBDBBC233368D8006F920E /* d3d11va.h */; };
		24BBDC36233368D8006F920E /* avfft.h in Headers */ = {isa = PBXBuildFile; fileRef = 24BBDBBD233368D8006F920E /* avfft.h */; };
		24BBDC37233368D8006F920E /* vda.h in Headers */ = {isa = PBXBuildFile; fileRef = 24BBDBBE233368D8006F920E /* vda.h */; };
		24BBDC38233368D8006F920E /* jni.h in Headers */ = {isa = PBXBuildFile; fileRef = 24BBDBBF233368D8006F920E /* jni.h */; };
		24BBDC39233368D8006F920E /* dirac.h in Headers */ = {isa = PBXBuildFile; fileRef = 24BBDBC0233368D8006F920E /* dirac.h */; };
		24BBDC3A233368D8006F920E /* avdct.h in Headers */ = {isa = PBXBuildFile; fileRef = 24BBDBC1233368D8006F920E /* avdct.h */; };
		24BBDC3B233368D8006F920E /* vorbis_parser.h in Headers */ = {isa = PBXBuildFile; fileRef = 24BBDBC2233368D8006F920E /* vorbis_parser.h */; };
		24BBDC3C233368D8006F920E /* dxva2.h in Headers */ = {isa = PBXBuildFile; fileRef = 24BBDBC3233368D8006F920E /* dxva2.h */; };
		24BBDC3D233368D8006F920E /* dv_profile.h in Headers */ = {isa = PBXBuildFile; fileRef = 24BBDBC4233368D8006F920E /* dv_profile.h */; };
		24BBDC3E233368D8006F920E /* version.h in Headers */ = {isa = PBXBuildFile; fileRef = 24BBDBC6233368D8006F920E /* version.h */; };
		24BBDC3F233368D8006F920E /* swresample.h in Headers */ = {isa = PBXBuildFile; fileRef = 24BBDBC7233368D8006F920E /* swresample.h */; };
		24BBDC40233368D8006F920E /* libavutil.a in Frameworks */ = {isa = PBXBuildFile; fileRef = 24BBDBC9233368D8006F920E /* libavutil.a */; };
		24BBDC41233368D8006F920E /* libavfilter.a in Frameworks */ = {isa = PBXBuildFile; fileRef = 24BBDBCA233368D8006F920E /* libavfilter.a */; };
		24BBDC42233368D8006F920E /* libavcodec.a in Frameworks */ = {isa = PBXBuildFile; fileRef = 24BBDBCB233368D8006F920E /* libavcodec.a */; };
		24BBDC43233368D8006F920E /* libpostproc.a in Frameworks */ = {isa = PBXBuildFile; fileRef = 24BBDBCC233368D8006F920E /* libpostproc.a */; };
		24BBDC44233368D8006F920E /* libavformat.a in Frameworks */ = {isa = PBXBuildFile; fileRef = 24BBDBCD233368D8006F920E /* libavformat.a */; };
		24BBDC45233368D8006F920E /* libavdevice.a in Frameworks */ = {isa = PBXBuildFile; fileRef = 24BBDBCE233368D8006F920E /* libavdevice.a */; };
		24BBDC46233368D8006F920E /* libswresample.a in Frameworks */ = {isa = PBXBuildFile; fileRef = 24BBDBCF233368D8006F920E /* libswresample.a */; };
		24BBDC47233368D8006F920E /* libswscale.a in Frameworks */ = {isa = PBXBuildFile; fileRef = 24BBDBD0233368D8006F920E /* libswscale.a */; };
/* End PBXBuildFile section */

/* Begin PBXFileReference section */
		247A72B0232F9FB000883A89 /* AFOFFMpegLib.framework */ = {isa = PBXFileReference; explicitFileType = wrapper.framework; includeInIndex = 0; path = AFOFFMpegLib.framework; sourceTree = BUILT_PRODUCTS_DIR; };
		247A72B3232F9FB000883A89 /* AFOFFMpegLib.h */ = {isa = PBXFileReference; lastKnownFileType = sourcecode.c.h; path = AFOFFMpegLib.h; sourceTree = "<group>"; };
		247A73B5232FA0DF00883A89 /* VideoToolbox.framework */ = {isa = PBXFileReference; lastKnownFileType = wrapper.framework; name = VideoToolbox.framework; path = System/Library/Frameworks/VideoToolbox.framework; sourceTree = SDKROOT; };
		247A73B7232FA0EF00883A89 /* CoreMedia.framework */ = {isa = PBXFileReference; lastKnownFileType = wrapper.framework; name = CoreMedia.framework; path = System/Library/Frameworks/CoreMedia.framework; sourceTree = SDKROOT; };
		247A73B9232FA0F900883A89 /* CoreGraphics.framework */ = {isa = PBXFileReference; lastKnownFileType = wrapper.framework; name = CoreGraphics.framework; path = System/Library/Frameworks/CoreGraphics.framework; sourceTree = SDKROOT; };
		247A73BB232FA10300883A89 /* CoreImage.framework */ = {isa = PBXFileReference; lastKnownFileType = wrapper.framework; name = CoreImage.framework; path = System/Library/Frameworks/CoreImage.framework; sourceTree = SDKROOT; };
		247A73BD232FA10D00883A89 /* OpenGLES.framework */ = {isa = PBXFileReference; lastKnownFileType = wrapper.framework; name = OpenGLES.framework; path = System/Library/Frameworks/OpenGLES.framework; sourceTree = SDKROOT; };
		247A73BF232FA11500883A89 /* AVFoundation.framework */ = {isa = PBXFileReference; lastKnownFileType = wrapper.framework; name = AVFoundation.framework; path = System/Library/Frameworks/AVFoundation.framework; sourceTree = SDKROOT; };
		247A73C1232FA12100883A89 /* AudioToolbox.framework */ = {isa = PBXFileReference; lastKnownFileType = wrapper.framework; name = AudioToolbox.framework; path = System/Library/Frameworks/AudioToolbox.framework; sourceTree = SDKROOT; };
		247A73C6232FA5E200883A89 /* aacdecoder_lib.h */ = {isa = PBXFileReference; fileEncoding = 4; lastKnownFileType = sourcecode.c.h; path = aacdecoder_lib.h; sourceTree = "<group>"; };
		247A73C7232FA5E200883A89 /* machine_type.h */ = {isa = PBXFileReference; fileEncoding = 4; lastKnownFileType = sourcecode.c.h; path = machine_type.h; sourceTree = "<group>"; };
		247A73C8232FA5E200883A89 /* aacenc_lib.h */ = {isa = PBXFileReference; fileEncoding = 4; lastKnownFileType = sourcecode.c.h; path = aacenc_lib.h; sourceTree = "<group>"; };
		247A73C9232FA5E200883A89 /* genericStds.h */ = {isa = PBXFileReference; fileEncoding = 4; lastKnownFileType = sourcecode.c.h; path = genericStds.h; sourceTree = "<group>"; };
		247A73CA232FA5E200883A89 /* FDK_audio.h */ = {isa = PBXFileReference; fileEncoding = 4; lastKnownFileType = sourcecode.c.h; path = FDK_audio.h; sourceTree = "<group>"; };
		247A73CC232FA5E200883A89 /* libfdk-aac.a */ = {isa = PBXFileReference; lastKnownFileType = archive.ar; path = "libfdk-aac.a"; sourceTree = "<group>"; };
		247A73D5232FA5EB00883A89 /* xvid.h */ = {isa = PBXFileReference; fileEncoding = 4; lastKnownFileType = sourcecode.c.h; path = xvid.h; sourceTree = "<group>"; };
		247A73D7232FA5EB00883A89 /* libxvidcore.a */ = {isa = PBXFileReference; lastKnownFileType = archive.ar; path = libxvidcore.a; sourceTree = "<group>"; };
		247A740C232FA5F600883A89 /* x264_config.h */ = {isa = PBXFileReference; fileEncoding = 4; lastKnownFileType = sourcecode.c.h; path = x264_config.h; sourceTree = "<group>"; };
		247A740D232FA5F600883A89 /* x264.h */ = {isa = PBXFileReference; fileEncoding = 4; lastKnownFileType = sourcecode.c.h; path = x264.h; sourceTree = "<group>"; };
		247A740F232FA5F600883A89 /* libx264.a */ = {isa = PBXFileReference; lastKnownFileType = archive.ar; path = libx264.a; sourceTree = "<group>"; };
		24BBDB5B233368D7006F920E /* hwcontext.h */ = {isa = PBXFileReference; fileEncoding = 4; lastKnownFileType = sourcecode.c.h; path = hwcontext.h; sourceTree = "<group>"; };
		24BBDB5C233368D7006F920E /* time.h */ = {isa = PBXFileReference; fileEncoding = 4; lastKnownFileType = sourcecode.c.h; path = time.h; sourceTree = "<group>"; };
		24BBDB5D233368D7006F920E /* hwcontext_cuda.h */ = {isa = PBXFileReference; fileEncoding = 4; lastKnownFileType = sourcecode.c.h; path = hwcontext_cuda.h; sourceTree = "<group>"; };
		24BBDB5E233368D7006F920E /* intfloat.h */ = {isa = PBXFileReference; fileEncoding = 4; lastKnownFileType = sourcecode.c.h; path = intfloat.h; sourceTree = "<group>"; };
		24BBDB5F233368D7006F920E /* error.h */ = {isa = PBXFileReference; fileEncoding = 4; lastKnownFileType = sourcecode.c.h; path = error.h; sourceTree = "<group>"; };
		24BBDB60233368D7006F920E /* fifo.h */ = {isa = PBXFileReference; fileEncoding = 4; lastKnownFileType = sourcecode.c.h; path = fifo.h; sourceTree = "<group>"; };
		24BBDB61233368D7006F920E /* blowfish.h */ = {isa = PBXFileReference; fileEncoding = 4; lastKnownFileType = sourcecode.c.h; path = blowfish.h; sourceTree = "<group>"; };
		24BBDB62233368D7006F920E /* replaygain.h */ = {isa = PBXFileReference; fileEncoding = 4; lastKnownFileType = sourcecode.c.h; path = replaygain.h; sourceTree = "<group>"; };
		24BBDB63233368D7006F920E /* version.h */ = {isa = PBXFileReference; fileEncoding = 4; lastKnownFileType = sourcecode.c.h; path = version.h; sourceTree = "<group>"; };
		24BBDB64233368D7006F920E /* murmur3.h */ = {isa = PBXFileReference; fileEncoding = 4; lastKnownFileType = sourcecode.c.h; path = murmur3.h; sourceTree = "<group>"; };
		24BBDB65233368D7006F920E /* stereo3d.h */ = {isa = PBXFileReference; fileEncoding = 4; lastKnownFileType = sourcecode.c.h; path = stereo3d.h; sourceTree = "<group>"; };
		24BBDB66233368D7006F920E /* samplefmt.h */ = {isa = PBXFileReference; fileEncoding = 4; lastKnownFileType = sourcecode.c.h; path = samplefmt.h; sourceTree = "<group>"; };
		24BBDB67233368D7006F920E /* pixdesc.h */ = {isa = PBXFileReference; fileEncoding = 4; lastKnownFileType = sourcecode.c.h; path = pixdesc.h; sourceTree = "<group>"; };
		24BBDB68233368D7006F920E /* base64.h */ = {isa = PBXFileReference; fileEncoding = 4; lastKnownFileType = sourcecode.c.h; path = base64.h; sourceTree = "<group>"; };
		24BBDB69233368D7006F920E /* rational.h */ = {isa = PBXFileReference; fileEncoding = 4; lastKnownFileType = sourcecode.c.h; path = rational.h; sourceTree = "<group>"; };
		24BBDB6A233368D7006F920E /* sha.h */ = {isa = PBXFileReference; fileEncoding = 4; lastKnownFileType = sourcecode.c.h; path = sha.h; sourceTree = "<group>"; };
		24BBDB6B233368D7006F920E /* motion_vector.h */ = {isa = PBXFileReference; fileEncoding = 4; lastKnownFileType = sourcecode.c.h; path = motion_vector.h; sourceTree = "<group>"; };
		24BBDB6C233368D7006F920E /* avconfig.h */ = {isa = PBXFileReference; fileEncoding = 4; lastKnownFileType = sourcecode.c.h; path = avconfig.h; sourceTree = "<group>"; };
		24BBDB6D233368D7006F920E /* lfg.h */ = {isa = PBXFileReference; fileEncoding = 4; lastKnownFileType = sourcecode.c.h; path = lfg.h; sourceTree = "<group>"; };
		24BBDB6E233368D7006F920E /* avutil.h */ = {isa = PBXFileReference; fileEncoding = 4; lastKnownFileType = sourcecode.c.h; path = avutil.h; sourceTree = "<group>"; };
		24BBDB6F233368D7006F920E /* xtea.h */ = {isa = PBXFileReference; fileEncoding = 4; lastKnownFileType = sourcecode.c.h; path = xtea.h; sourceTree = "<group>"; };
		24BBDB70233368D7006F920E /* crc.h */ = {isa = PBXFileReference; fileEncoding = 4; lastKnownFileType = sourcecode.c.h; path = crc.h; sourceTree = "<group>"; };
		24BBDB71233368D7006F920E /* hwcontext_vdpau.h */ = {isa = PBXFileReference; fileEncoding = 4; lastKnownFileType = sourcecode.c.h; path = hwcontext_vdpau.h; sourceTree = "<group>"; };
		24BBDB72233368D7006F920E /* frame.h */ = {isa = PBXFileReference; fileEncoding = 4; lastKnownFileType = sourcecode.c.h; path = frame.h; sourceTree = "<group>"; };
		24BBDB73233368D7006F920E /* file.h */ = {isa = PBXFileReference; fileEncoding = 4; lastKnownFileType = sourcecode.c.h; path = file.h; sourceTree = "<group>"; };
		24BBDB74233368D7006F920E /* md5.h */ = {isa = PBXFileReference; fileEncoding = 4; lastKnownFileType = sourcecode.c.h; path = md5.h; sourceTree = "<group>"; };
		24BBDB75233368D7006F920E /* cast5.h */ = {isa = PBXFileReference; fileEncoding = 4; lastKnownFileType = sourcecode.c.h; path = cast5.h; sourceTree = "<group>"; };
		24BBDB76233368D7006F920E /* hwcontext_vaapi.h */ = {isa = PBXFileReference; fileEncoding = 4; lastKnownFileType = sourcecode.c.h; path = hwcontext_vaapi.h; sourceTree = "<group>"; };
		24BBDB77233368D7006F920E /* spherical.h */ = {isa = PBXFileReference; fileEncoding = 4; lastKnownFileType = sourcecode.c.h; path = spherical.h; sourceTree = "<group>"; };
		24BBDB78233368D7006F920E /* ffversion.h */ = {isa = PBXFileReference; fileEncoding = 4; lastKnownFileType = sourcecode.c.h; path = ffversion.h; sourceTree = "<group>"; };
		24BBDB79233368D7006F920E /* audio_fifo.h */ = {isa = PBXFileReference; fileEncoding = 4; lastKnownFileType = sourcecode.c.h; path = audio_fifo.h; sourceTree = "<group>"; };
		24BBDB7A233368D7006F920E /* tree.h */ = {isa = PBXFileReference; fileEncoding = 4; lastKnownFileType = sourcecode.c.h; path = tree.h; sourceTree = "<group>"; };
		24BBDB7B233368D7006F920E /* threadmessage.h */ = {isa = PBXFileReference; fileEncoding = 4; lastKnownFileType = sourcecode.c.h; path = threadmessage.h; sourceTree = "<group>"; };
		24BBDB7C233368D7006F920E /* attributes.h */ = {isa = PBXFileReference; fileEncoding = 4; lastKnownFileType = sourcecode.c.h; path = attributes.h; sourceTree = "<group>"; };
		24BBDB7D233368D7006F920E /* adler32.h */ = {isa = PBXFileReference; fileEncoding = 4; lastKnownFileType = sourcecode.c.h; path = adler32.h; sourceTree = "<group>"; };
		24BBDB7E233368D7006F920E /* hwcontext_d3d11va.h */ = {isa = PBXFileReference; fileEncoding = 4; lastKnownFileType = sourcecode.c.h; path = hwcontext_d3d11va.h; sourceTree = "<group>"; };
		24BBDB7F233368D7006F920E /* timecode.h */ = {isa = PBXFileReference; fileEncoding = 4; lastKnownFileType = sourcecode.c.h; path = timecode.h; sourceTree = "<group>"; };
		24BBDB80233368D7006F920E /* sha512.h */ = {isa = PBXFileReference; fileEncoding = 4; lastKnownFileType = sourcecode.c.h; path = sha512.h; sourceTree = "<group>"; };
		24BBDB81233368D7006F920E /* hwcontext_dxva2.h */ = {isa = PBXFileReference; fileEncoding = 4; lastKnownFileType = sourcecode.c.h; path = hwcontext_dxva2.h; sourceTree = "<group>"; };
		24BBDB82233368D7006F920E /* display.h */ = {isa = PBXFileReference; fileEncoding = 4; lastKnownFileType = sourcecode.c.h; path = display.h; sourceTree = "<group>"; };
		24BBDB83233368D7006F920E /* buffer.h */ = {isa = PBXFileReference; fileEncoding = 4; lastKnownFileType = sourcecode.c.h; path = buffer.h; sourceTree = "<group>"; };
		24BBDB84233368D7006F920E /* camellia.h */ = {isa = PBXFileReference; fileEncoding = 4; lastKnownFileType = sourcecode.c.h; path = camellia.h; sourceTree = "<group>"; };
		24BBDB85233368D7006F920E /* pixelutils.h */ = {isa = PBXFileReference; fileEncoding = 4; lastKnownFileType = sourcecode.c.h; path = pixelutils.h; sourceTree = "<group>"; };
		24BBDB86233368D7006F920E /* hwcontext_drm.h */ = {isa = PBXFileReference; fileEncoding = 4; lastKnownFileType = sourcecode.c.h; path = hwcontext_drm.h; sourceTree = "<group>"; };
		24BBDB87233368D7006F920E /* common.h */ = {isa = PBXFileReference; fileEncoding = 4; lastKnownFileType = sourcecode.c.h; path = common.h; sourceTree = "<group>"; };
		24BBDB88233368D7006F920E /* hmac.h */ = {isa = PBXFileReference; fileEncoding = 4; lastKnownFileType = sourcecode.c.h; path = hmac.h; sourceTree = "<group>"; };
		24BBDB89233368D7006F920E /* eval.h */ = {isa = PBXFileReference; fileEncoding = 4; lastKnownFileType = sourcecode.c.h; path = eval.h; sourceTree = "<group>"; };
		24BBDB8A233368D7006F920E /* dict.h */ = {isa = PBXFileReference; fileEncoding = 4; lastKnownFileType = sourcecode.c.h; path = dict.h; sourceTree = "<group>"; };
		24BBDB8B233368D7006F920E /* random_seed.h */ = {isa = PBXFileReference; fileEncoding = 4; lastKnownFileType = sourcecode.c.h; path = random_seed.h; sourceTree = "<group>"; };
		24BBDB8C233368D7006F920E /* opt.h */ = {isa = PBXFileReference; fileEncoding = 4; lastKnownFileType = sourcecode.c.h; path = opt.h; sourceTree = "<group>"; };
		24BBDB8D233368D7006F920E /* mastering_display_metadata.h */ = {isa = PBXFileReference; fileEncoding = 4; lastKnownFileType = sourcecode.c.h; path = mastering_display_metadata.h; sourceTree = "<group>"; };
		24BBDB8E233368D7006F920E /* log.h */ = {isa = PBXFileReference; fileEncoding = 4; lastKnownFileType = sourcecode.c.h; path = log.h; sourceTree = "<group>"; };
		24BBDB8F233368D7006F920E /* aes.h */ = {isa = PBXFileReference; fileEncoding = 4; lastKnownFileType = sourcecode.c.h; path = aes.h; sourceTree = "<group>"; };
		24BBDB90233368D7006F920E /* macros.h */ = {isa = PBXFileReference; fileEncoding = 4; lastKnownFileType = sourcecode.c.h; path = macros.h; sourceTree = "<group>"; };
		24BBDB91233368D7006F920E /* bswap.h */ = {isa = PBXFileReference; fileEncoding = 4; lastKnownFileType = sourcecode.c.h; path = bswap.h; sourceTree = "<group>"; };
		24BBDB92233368D7006F920E /* rc4.h */ = {isa = PBXFileReference; fileEncoding = 4; lastKnownFileType = sourcecode.c.h; path = rc4.h; sourceTree = "<group>"; };
		24BBDB93233368D7006F920E /* tea.h */ = {isa = PBXFileReference; fileEncoding = 4; lastKnownFileType = sourcecode.c.h; path = tea.h; sourceTree = "<group>"; };
		24BBDB94233368D7006F920E /* cpu.h */ = {isa = PBXFileReference; fileEncoding = 4; lastKnownFileType = sourcecode.c.h; path = cpu.h; sourceTree = "<group>"; };
		24BBDB95233368D7006F920E /* lzo.h */ = {isa = PBXFileReference; fileEncoding = 4; lastKnownFileType = sourcecode.c.h; path = lzo.h; sourceTree = "<group>"; };
		24BBDB96233368D7006F920E /* des.h */ = {isa = PBXFileReference; fileEncoding = 4; lastKnownFileType = sourcecode.c.h; path = des.h; sourceTree = "<group>"; };
		24BBDB97233368D7006F920E /* channel_layout.h */ = {isa = PBXFileReference; fileEncoding = 4; lastKnownFileType = sourcecode.c.h; path = channel_layout.h; sourceTree = "<group>"; };
		24BBDB98233368D7006F920E /* twofish.h */ = {isa = PBXFileReference; fileEncoding = 4; lastKnownFileType = sourcecode.c.h; path = twofish.h; sourceTree = "<group>"; };
		24BBDB99233368D7006F920E /* imgutils.h */ = {isa = PBXFileReference; fileEncoding = 4; lastKnownFileType = sourcecode.c.h; path = imgutils.h; sourceTree = "<group>"; };
		24BBDB9A233368D7006F920E /* hwcontext_videotoolbox.h */ = {isa = PBXFileReference; fileEncoding = 4; lastKnownFileType = sourcecode.c.h; path = hwcontext_videotoolbox.h; sourceTree = "<group>"; };
		24BBDB9B233368D7006F920E /* mem.h */ = {isa = PBXFileReference; fileEncoding = 4; lastKnownFileType = sourcecode.c.h; path = mem.h; sourceTree = "<group>"; };
		24BBDB9C233368D7006F920E /* parseutils.h */ = {isa = PBXFileReference; fileEncoding = 4; lastKnownFileType = sourcecode.c.h; path = parseutils.h; sourceTree = "<group>"; };
		24BBDB9D233368D7006F920E /* ripemd.h */ = {isa = PBXFileReference; fileEncoding = 4; lastKnownFileType = sourcecode.c.h; path = ripemd.h; sourceTree = "<group>"; };
		24BBDB9E233368D7006F920E /* bprint.h */ = {isa = PBXFileReference; fileEncoding = 4; lastKnownFileType = sourcecode.c.h; path = bprint.h; sourceTree = "<group>"; };
		24BBDB9F233368D7006F920E /* hwcontext_qsv.h */ = {isa = PBXFileReference; fileEncoding = 4; lastKnownFileType = sourcecode.c.h; path = hwcontext_qsv.h; sourceTree = "<group>"; };
		24BBDBA0233368D7006F920E /* pixfmt.h */ = {isa = PBXFileReference; fileEncoding = 4; lastKnownFileType = sourcecode.c.h; path = pixfmt.h; sourceTree = "<group>"; };
		24BBDBA1233368D7006F920E /* aes_ctr.h */ = {isa = PBXFileReference; fileEncoding = 4; lastKnownFileType = sourcecode.c.h; path = aes_ctr.h; sourceTree = "<group>"; };
		24BBDBA2233368D7006F920E /* timestamp.h */ = {isa = PBXFileReference; fileEncoding = 4; lastKnownFileType = sourcecode.c.h; path = timestamp.h; sourceTree = "<group>"; };
		24BBDBA3233368D7006F920E /* downmix_info.h */ = {isa = PBXFileReference; fileEncoding = 4; lastKnownFileType = sourcecode.c.h; path = downmix_info.h; sourceTree = "<group>"; };
		24BBDBA4233368D8006F920E /* avassert.h */ = {isa = PBXFileReference; fileEncoding = 4; lastKnownFileType = sourcecode.c.h; path = avassert.h; sourceTree = "<group>"; };
		24BBDBA5233368D8006F920E /* hash.h */ = {isa = PBXFileReference; fileEncoding = 4; lastKnownFileType = sourcecode.c.h; path = hash.h; sourceTree = "<group>"; };
		24BBDBA6233368D8006F920E /* mathematics.h */ = {isa = PBXFileReference; fileEncoding = 4; lastKnownFileType = sourcecode.c.h; path = mathematics.h; sourceTree = "<group>"; };
		24BBDBA7233368D8006F920E /* intreadwrite.h */ = {isa = PBXFileReference; fileEncoding = 4; lastKnownFileType = sourcecode.c.h; path = intreadwrite.h; sourceTree = "<group>"; };
		24BBDBA8233368D8006F920E /* avstring.h */ = {isa = PBXFileReference; fileEncoding = 4; lastKnownFileType = sourcecode.c.h; path = avstring.h; sourceTree = "<group>"; };
		24BBDBAD233368D8006F920E /* version.h */ = {isa = PBXFileReference; fileEncoding = 4; lastKnownFileType = sourcecode.c.h; path = version.h; sourceTree = "<group>"; };
		24BBDBAE233368D8006F920E /* avio.h */ = {isa = PBXFileReference; fileEncoding = 4; lastKnownFileType = sourcecode.c.h; path = avio.h; sourceTree = "<group>"; };
		24BBDBAF233368D8006F920E /* avformat.h */ = {isa = PBXFileReference; fileEncoding = 4; lastKnownFileType = sourcecode.c.h; path = avformat.h; sourceTree = "<group>"; };
		24BBDBB1233368D8006F920E /* version.h */ = {isa = PBXFileReference; fileEncoding = 4; lastKnownFileType = sourcecode.c.h; path = version.h; sourceTree = "<group>"; };
		24BBDBB2233368D8006F920E /* swscale.h */ = {isa = PBXFileReference; fileEncoding = 4; lastKnownFileType = sourcecode.c.h; path = swscale.h; sourceTree = "<group>"; };
		24BBDBB4233368D8006F920E /* avcodec.h */ = {isa = PBXFileReference; fileEncoding = 4; lastKnownFileType = sourcecode.c.h; path = avcodec.h; sourceTree = "<group>"; };
		24BBDBB5233368D8006F920E /* version.h */ = {isa = PBXFileReference; fileEncoding = 4; lastKnownFileType = sourcecode.c.h; path = version.h; sourceTree = "<group>"; };
		24BBDBB6233368D8006F920E /* vdpau.h */ = {isa = PBXFileReference; fileEncoding = 4; lastKnownFileType = sourcecode.c.h; path = vdpau.h; sourceTree = "<group>"; };
		24BBDBB7233368D8006F920E /* qsv.h */ = {isa = PBXFileReference; fileEncoding = 4; lastKnownFileType = sourcecode.c.h; path = qsv.h; sourceTree = "<group>"; };
		24BBDBB8233368D8006F920E /* vaapi.h */ = {isa = PBXFileReference; fileEncoding = 4; lastKnownFileType = sourcecode.c.h; path = vaapi.h; sourceTree = "<group>"; };
		24BBDBB9233368D8006F920E /* videotoolbox.h */ = {isa = PBXFileReference; fileEncoding = 4; lastKnownFileType = sourcecode.c.h; path = videotoolbox.h; sourceTree = "<group>"; };
		24BBDBBA233368D8006F920E /* xvmc.h */ = {isa = PBXFileReference; fileEncoding = 4; lastKnownFileType = sourcecode.c.h; path = xvmc.h; sourceTree = "<group>"; };
		24BBDBBB233368D8006F920E /* mediacodec.h */ = {isa = PBXFileReference; fileEncoding = 4; lastKnownFileType = sourcecode.c.h; path = mediacodec.h; sourceTree = "<group>"; };
		24BBDBBC233368D8006F920E /* d3d11va.h */ = {isa = PBXFileReference; fileEncoding = 4; lastKnownFileType = sourcecode.c.h; path = d3d11va.h; sourceTree = "<group>"; };
		24BBDBBD233368D8006F920E /* avfft.h */ = {isa = PBXFileReference; fileEncoding = 4; lastKnownFileType = sourcecode.c.h; path = avfft.h; sourceTree = "<group>"; };
		24BBDBBE233368D8006F920E /* vda.h */ = {isa = PBXFileReference; fileEncoding = 4; lastKnownFileType = sourcecode.c.h; path = vda.h; sourceTree = "<group>"; };
		24BBDBBF233368D8006F920E /* jni.h */ = {isa = PBXFileReference; fileEncoding = 4; lastKnownFileType = sourcecode.c.h; path = jni.h; sourceTree = "<group>"; };
		24BBDBC0233368D8006F920E /* dirac.h */ = {isa = PBXFileReference; fileEncoding = 4; lastKnownFileType = sourcecode.c.h; path = dirac.h; sourceTree = "<group>"; };
		24BBDBC1233368D8006F920E /* avdct.h */ = {isa = PBXFileReference; fileEncoding = 4; lastKnownFileType = sourcecode.c.h; path = avdct.h; sourceTree = "<group>"; };
		24BBDBC2233368D8006F920E /* vorbis_parser.h */ = {isa = PBXFileReference; fileEncoding = 4; lastKnownFileType = sourcecode.c.h; path = vorbis_parser.h; sourceTree = "<group>"; };
		24BBDBC3233368D8006F920E /* dxva2.h */ = {isa = PBXFileReference; fileEncoding = 4; lastKnownFileType = sourcecode.c.h; path = dxva2.h; sourceTree = "<group>"; };
		24BBDBC4233368D8006F920E /* dv_profile.h */ = {isa = PBXFileReference; fileEncoding = 4; lastKnownFileType = sourcecode.c.h; path = dv_profile.h; sourceTree = "<group>"; };
		24BBDBC6233368D8006F920E /* version.h */ = {isa = PBXFileReference; fileEncoding = 4; lastKnownFileType = sourcecode.c.h; path = version.h; sourceTree = "<group>"; };
		24BBDBC7233368D8006F920E /* swresample.h */ = {isa = PBXFileReference; fileEncoding = 4; lastKnownFileType = sourcecode.c.h; path = swresample.h; sourceTree = "<group>"; };
		24BBDBC9233368D8006F920E /* libavutil.a */ = {isa = PBXFileReference; lastKnownFileType = archive.ar; path = libavutil.a; sourceTree = "<group>"; };
		24BBDBCA233368D8006F920E /* libavfilter.a */ = {isa = PBXFileReference; lastKnownFileType = archive.ar; path = libavfilter.a; sourceTree = "<group>"; };
		24BBDBCB233368D8006F920E /* libavcodec.a */ = {isa = PBXFileReference; lastKnownFileType = archive.ar; path = libavcodec.a; sourceTree = "<group>"; };
		24BBDBCC233368D8006F920E /* libpostproc.a */ = {isa = PBXFileReference; lastKnownFileType = archive.ar; path = libpostproc.a; sourceTree = "<group>"; };
		24BBDBCD233368D8006F920E /* libavformat.a */ = {isa = PBXFileReference; lastKnownFileType = archive.ar; path = libavformat.a; sourceTree = "<group>"; };
		24BBDBCE233368D8006F920E /* libavdevice.a */ = {isa = PBXFileReference; lastKnownFileType = archive.ar; path = libavdevice.a; sourceTree = "<group>"; };
		24BBDBCF233368D8006F920E /* libswresample.a */ = {isa = PBXFileReference; lastKnownFileType = archive.ar; path = libswresample.a; sourceTree = "<group>"; };
		24BBDBD0233368D8006F920E /* libswscale.a */ = {isa = PBXFileReference; lastKnownFileType = archive.ar; path = libswscale.a; sourceTree = "<group>"; };
/* End PBXFileReference section */

/* Begin PBXFrameworksBuildPhase section */
		247A72AD232F9FB000883A89 /* Frameworks */ = {
			isa = PBXFrameworksBuildPhase;
			buildActionMask = 2147483647;
			files = (
				247A7412232FA5F600883A89 /* libx264.a in Frameworks */,
				247A73D9232FA5EB00883A89 /* libxvidcore.a in Frameworks */,
				24BBDC47233368D8006F920E /* libswscale.a in Frameworks */,
				24BBDC41233368D8006F920E /* libavfilter.a in Frameworks */,
				24BBDC44233368D8006F920E /* libavformat.a in Frameworks */,
				247A73B6232FA0DF00883A89 /* VideoToolbox.framework in Frameworks */,
				247A73D2232FA5E200883A89 /* libfdk-aac.a in Frameworks */,
				24BBDC42233368D8006F920E /* libavcodec.a in Frameworks */,
				247A73B8232FA0EF00883A89 /* CoreMedia.framework in Frameworks */,
				24BBDC43233368D8006F920E /* libpostproc.a in Frameworks */,
				247A73BA232FA0F900883A89 /* CoreGraphics.framework in Frameworks */,
				24BBDC46233368D8006F920E /* libswresample.a in Frameworks */,
				24BBDC40233368D8006F920E /* libavutil.a in Frameworks */,
				247A73BC232FA10300883A89 /* CoreImage.framework in Frameworks */,
				247A73BE232FA10D00883A89 /* OpenGLES.framework in Frameworks */,
				247A73C0232FA11500883A89 /* AVFoundation.framework in Frameworks */,
				247A73C2232FA12100883A89 /* AudioToolbox.framework in Frameworks */,
				24BBDC45233368D8006F920E /* libavdevice.a in Frameworks */,
			);
			runOnlyForDeploymentPostprocessing = 0;
		};
/* End PBXFrameworksBuildPhase section */

/* Begin PBXGroup section */
		247A72A6232F9FB000883A89 = {
			isa = PBXGroup;
			children = (
				247A72B2232F9FB000883A89 /* AFOFFMpegLib */,
				247A72B1232F9FB000883A89 /* Products */,
				247A73B4232FA0DF00883A89 /* Frameworks */,
			);
			sourceTree = "<group>";
		};
		247A72B1232F9FB000883A89 /* Products */ = {
			isa = PBXGroup;
			children = (
				247A72B0232F9FB000883A89 /* AFOFFMpegLib.framework */,
			);
			name = Products;
			sourceTree = "<group>";
		};
		247A72B2232F9FB000883A89 /* AFOFFMpegLib */ = {
			isa = PBXGroup;
			children = (
				247A72B3232F9FB000883A89 /* AFOFFMpegLib.h */,
				24BBDB4F233368D7006F920E /* FFmpeg */,
				247A740A232FA5F600883A89 /* x264 */,
				247A73D3232FA5EB00883A89 /* libxvidcore */,
				247A73C3232FA5E200883A89 /* aac */,
			);
			path = AFOFFMpegLib;
			sourceTree = "<group>";
		};
		247A73B4232FA0DF00883A89 /* Frameworks */ = {
			isa = PBXGroup;
			children = (
				247A73C1232FA12100883A89 /* AudioToolbox.framework */,
				247A73BF232FA11500883A89 /* AVFoundation.framework */,
				247A73BD232FA10D00883A89 /* OpenGLES.framework */,
				247A73BB232FA10300883A89 /* CoreImage.framework */,
				247A73B9232FA0F900883A89 /* CoreGraphics.framework */,
				247A73B7232FA0EF00883A89 /* CoreMedia.framework */,
				247A73B5232FA0DF00883A89 /* VideoToolbox.framework */,
			);
			name = Frameworks;
			sourceTree = "<group>";
		};
		247A73C3232FA5E200883A89 /* aac */ = {
			isa = PBXGroup;
			children = (
				247A73C4232FA5E200883A89 /* include */,
				247A73CB232FA5E200883A89 /* lib */,
			);
			path = aac;
			sourceTree = "<group>";
		};
		247A73C4232FA5E200883A89 /* include */ = {
			isa = PBXGroup;
			children = (
				247A73C5232FA5E200883A89 /* fdk-aac */,
			);
			path = include;
			sourceTree = "<group>";
		};
		247A73C5232FA5E200883A89 /* fdk-aac */ = {
			isa = PBXGroup;
			children = (
				247A73C6232FA5E200883A89 /* aacdecoder_lib.h */,
				247A73C7232FA5E200883A89 /* machine_type.h */,
				247A73C8232FA5E200883A89 /* aacenc_lib.h */,
				247A73C9232FA5E200883A89 /* genericStds.h */,
				247A73CA232FA5E200883A89 /* FDK_audio.h */,
			);
			path = "fdk-aac";
			sourceTree = "<group>";
		};
		247A73CB232FA5E200883A89 /* lib */ = {
			isa = PBXGroup;
			children = (
				247A73CC232FA5E200883A89 /* libfdk-aac.a */,
			);
			path = lib;
			sourceTree = "<group>";
		};
		247A73D3232FA5EB00883A89 /* libxvidcore */ = {
			isa = PBXGroup;
			children = (
				247A73D4232FA5EB00883A89 /* include */,
				247A73D6232FA5EB00883A89 /* lib */,
			);
			path = libxvidcore;
			sourceTree = "<group>";
		};
		247A73D4232FA5EB00883A89 /* include */ = {
			isa = PBXGroup;
			children = (
				247A73D5232FA5EB00883A89 /* xvid.h */,
			);
			path = include;
			sourceTree = "<group>";
		};
		247A73D6232FA5EB00883A89 /* lib */ = {
			isa = PBXGroup;
			children = (
				247A73D7232FA5EB00883A89 /* libxvidcore.a */,
			);
			path = lib;
			sourceTree = "<group>";
		};
		247A740A232FA5F600883A89 /* x264 */ = {
			isa = PBXGroup;
			children = (
				247A740B232FA5F600883A89 /* include */,
				247A740E232FA5F600883A89 /* lib */,
			);
			path = x264;
			sourceTree = "<group>";
		};
		247A740B232FA5F600883A89 /* include */ = {
			isa = PBXGroup;
			children = (
				247A740C232FA5F600883A89 /* x264_config.h */,
				247A740D232FA5F600883A89 /* x264.h */,
			);
			path = include;
			sourceTree = "<group>";
		};
		247A740E232FA5F600883A89 /* lib */ = {
			isa = PBXGroup;
			children = (
				247A740F232FA5F600883A89 /* libx264.a */,
			);
			path = lib;
			sourceTree = "<group>";
		};
		24BBDB4F233368D7006F920E /* FFmpeg */ = {
			isa = PBXGroup;
			children = (
				24BBDB50233368D7006F920E /* include */,
				24BBDBC8233368D8006F920E /* lib */,
			);
			path = FFmpeg;
			sourceTree = "<group>";
		};
		24BBDB50233368D7006F920E /* include */ = {
			isa = PBXGroup;
			children = (
				24BBDB5A233368D7006F920E /* libavutil */,
				24BBDBAC233368D8006F920E /* libavformat */,
				24BBDBB0233368D8006F920E /* libswscale */,
				24BBDBB3233368D8006F920E /* libavcodec */,
				24BBDBC5233368D8006F920E /* libswresample */,
			);
			path = include;
			sourceTree = "<group>";
		};
		24BBDB5A233368D7006F920E /* libavutil */ = {
			isa = PBXGroup;
			children = (
				24BBDB5B233368D7006F920E /* hwcontext.h */,
				24BBDB5C233368D7006F920E /* time.h */,
				24BBDB5D233368D7006F920E /* hwcontext_cuda.h */,
				24BBDB5E233368D7006F920E /* intfloat.h */,
				24BBDB5F233368D7006F920E /* error.h */,
				24BBDB60233368D7006F920E /* fifo.h */,
				24BBDB61233368D7006F920E /* blowfish.h */,
				24BBDB62233368D7006F920E /* replaygain.h */,
				24BBDB63233368D7006F920E /* version.h */,
				24BBDB64233368D7006F920E /* murmur3.h */,
				24BBDB65233368D7006F920E /* stereo3d.h */,
				24BBDB66233368D7006F920E /* samplefmt.h */,
				24BBDB67233368D7006F920E /* pixdesc.h */,
				24BBDB68233368D7006F920E /* base64.h */,
				24BBDB69233368D7006F920E /* rational.h */,
				24BBDB6A233368D7006F920E /* sha.h */,
				24BBDB6B233368D7006F920E /* motion_vector.h */,
				24BBDB6C233368D7006F920E /* avconfig.h */,
				24BBDB6D233368D7006F920E /* lfg.h */,
				24BBDB6E233368D7006F920E /* avutil.h */,
				24BBDB6F233368D7006F920E /* xtea.h */,
				24BBDB70233368D7006F920E /* crc.h */,
				24BBDB71233368D7006F920E /* hwcontext_vdpau.h */,
				24BBDB72233368D7006F920E /* frame.h */,
				24BBDB73233368D7006F920E /* file.h */,
				24BBDB74233368D7006F920E /* md5.h */,
				24BBDB75233368D7006F920E /* cast5.h */,
				24BBDB76233368D7006F920E /* hwcontext_vaapi.h */,
				24BBDB77233368D7006F920E /* spherical.h */,
				24BBDB78233368D7006F920E /* ffversion.h */,
				24BBDB79233368D7006F920E /* audio_fifo.h */,
				24BBDB7A233368D7006F920E /* tree.h */,
				24BBDB7B233368D7006F920E /* threadmessage.h */,
				24BBDB7C233368D7006F920E /* attributes.h */,
				24BBDB7D233368D7006F920E /* adler32.h */,
				24BBDB7E233368D7006F920E /* hwcontext_d3d11va.h */,
				24BBDB7F233368D7006F920E /* timecode.h */,
				24BBDB80233368D7006F920E /* sha512.h */,
				24BBDB81233368D7006F920E /* hwcontext_dxva2.h */,
				24BBDB82233368D7006F920E /* display.h */,
				24BBDB83233368D7006F920E /* buffer.h */,
				24BBDB84233368D7006F920E /* camellia.h */,
				24BBDB85233368D7006F920E /* pixelutils.h */,
				24BBDB86233368D7006F920E /* hwcontext_drm.h */,
				24BBDB87233368D7006F920E /* common.h */,
				24BBDB88233368D7006F920E /* hmac.h */,
				24BBDB89233368D7006F920E /* eval.h */,
				24BBDB8A233368D7006F920E /* dict.h */,
				24BBDB8B233368D7006F920E /* random_seed.h */,
				24BBDB8C233368D7006F920E /* opt.h */,
				24BBDB8D233368D7006F920E /* mastering_display_metadata.h */,
				24BBDB8E233368D7006F920E /* log.h */,
				24BBDB8F233368D7006F920E /* aes.h */,
				24BBDB90233368D7006F920E /* macros.h */,
				24BBDB91233368D7006F920E /* bswap.h */,
				24BBDB92233368D7006F920E /* rc4.h */,
				24BBDB93233368D7006F920E /* tea.h */,
				24BBDB94233368D7006F920E /* cpu.h */,
				24BBDB95233368D7006F920E /* lzo.h */,
				24BBDB96233368D7006F920E /* des.h */,
				24BBDB97233368D7006F920E /* channel_layout.h */,
				24BBDB98233368D7006F920E /* twofish.h */,
				24BBDB99233368D7006F920E /* imgutils.h */,
				24BBDB9A233368D7006F920E /* hwcontext_videotoolbox.h */,
				24BBDB9B233368D7006F920E /* mem.h */,
				24BBDB9C233368D7006F920E /* parseutils.h */,
				24BBDB9D233368D7006F920E /* ripemd.h */,
				24BBDB9E233368D7006F920E /* bprint.h */,
				24BBDB9F233368D7006F920E /* hwcontext_qsv.h */,
				24BBDBA0233368D7006F920E /* pixfmt.h */,
				24BBDBA1233368D7006F920E /* aes_ctr.h */,
				24BBDBA2233368D7006F920E /* timestamp.h */,
				24BBDBA3233368D7006F920E /* downmix_info.h */,
				24BBDBA4233368D8006F920E /* avassert.h */,
				24BBDBA5233368D8006F920E /* hash.h */,
				24BBDBA6233368D8006F920E /* mathematics.h */,
				24BBDBA7233368D8006F920E /* intreadwrite.h */,
				24BBDBA8233368D8006F920E /* avstring.h */,
			);
			path = libavutil;
			sourceTree = "<group>";
		};
		24BBDBAC233368D8006F920E /* libavformat */ = {
			isa = PBXGroup;
			children = (
				24BBDBAD233368D8006F920E /* version.h */,
				24BBDBAE233368D8006F920E /* avio.h */,
				24BBDBAF233368D8006F920E /* avformat.h */,
			);
			path = libavformat;
			sourceTree = "<group>";
		};
		24BBDBB0233368D8006F920E /* libswscale */ = {
			isa = PBXGroup;
			children = (
				24BBDBB1233368D8006F920E /* version.h */,
				24BBDBB2233368D8006F920E /* swscale.h */,
			);
			path = libswscale;
			sourceTree = "<group>";
		};
		24BBDBB3233368D8006F920E /* libavcodec */ = {
			isa = PBXGroup;
			children = (
				24BBDBB4233368D8006F920E /* avcodec.h */,
				24BBDBB5233368D8006F920E /* version.h */,
				24BBDBB6233368D8006F920E /* vdpau.h */,
				24BBDBB7233368D8006F920E /* qsv.h */,
				24BBDBB8233368D8006F920E /* vaapi.h */,
				24BBDBB9233368D8006F920E /* videotoolbox.h */,
				24BBDBBA233368D8006F920E /* xvmc.h */,
				24BBDBBB233368D8006F920E /* mediacodec.h */,
				24BBDBBC233368D8006F920E /* d3d11va.h */,
				24BBDBBD233368D8006F920E /* avfft.h */,
				24BBDBBE233368D8006F920E /* vda.h */,
				24BBDBBF233368D8006F920E /* jni.h */,
				24BBDBC0233368D8006F920E /* dirac.h */,
				24BBDBC1233368D8006F920E /* avdct.h */,
				24BBDBC2233368D8006F920E /* vorbis_parser.h */,
				24BBDBC3233368D8006F920E /* dxva2.h */,
				24BBDBC4233368D8006F920E /* dv_profile.h */,
			);
			path = libavcodec;
			sourceTree = "<group>";
		};
		24BBDBC5233368D8006F920E /* libswresample */ = {
			isa = PBXGroup;
			children = (
				24BBDBC6233368D8006F920E /* version.h */,
				24BBDBC7233368D8006F920E /* swresample.h */,
			);
			path = libswresample;
			sourceTree = "<group>";
		};
		24BBDBC8233368D8006F920E /* lib */ = {
			isa = PBXGroup;
			children = (
				24BBDBC9233368D8006F920E /* libavutil.a */,
				24BBDBCA233368D8006F920E /* libavfilter.a */,
				24BBDBCB233368D8006F920E /* libavcodec.a */,
				24BBDBCC233368D8006F920E /* libpostproc.a */,
				24BBDBCD233368D8006F920E /* libavformat.a */,
				24BBDBCE233368D8006F920E /* libavdevice.a */,
				24BBDBCF233368D8006F920E /* libswresample.a */,
				24BBDBD0233368D8006F920E /* libswscale.a */,
			);
			path = lib;
			sourceTree = "<group>";
		};
/* End PBXGroup section */

/* Begin PBXHeadersBuildPhase section */
		247A72AB232F9FB000883A89 /* Headers */ = {
			isa = PBXHeadersBuildPhase;
			buildActionMask = 2147483647;
			files = (
				24BBDBF5233368D8006F920E /* ffversion.h in Headers */,
				24BBDBD9233368D8006F920E /* time.h in Headers */,
				247A72B5232F9FB000883A89 /* AFOFFMpegLib.h in Headers */,
				24BBDC39233368D8006F920E /* dirac.h in Headers */,
				24BBDC1B233368D8006F920E /* bprint.h in Headers */,
				247A73CD232FA5E200883A89 /* aacdecoder_lib.h in Headers */,
				24BBDBE8233368D8006F920E /* motion_vector.h in Headers */,
				24BBDBEA233368D8006F920E /* lfg.h in Headers */,
				24BBDBE7233368D8006F920E /* sha.h in Headers */,
				24BBDC30233368D8006F920E /* qsv.h in Headers */,
				24BBDC3C233368D8006F920E /* dxva2.h in Headers */,
				24BBDBDE233368D8006F920E /* blowfish.h in Headers */,
				24BBDC11233368D8006F920E /* cpu.h in Headers */,
				247A73D1232FA5E200883A89 /* FDK_audio.h in Headers */,
				24BBDBE9233368D8006F920E /* avconfig.h in Headers */,
				24BBDC2A233368D8006F920E /* avformat.h in Headers */,
				24BBDC22233368D8006F920E /* hash.h in Headers */,
				247A73CE232FA5E200883A89 /* machine_type.h in Headers */,
				24BBDC01233368D8006F920E /* camellia.h in Headers */,
				24BBDC3A233368D8006F920E /* avdct.h in Headers */,
				24BBDC25233368D8006F920E /* avstring.h in Headers */,
				24BBDBFC233368D8006F920E /* timecode.h in Headers */,
				24BBDC1E233368D8006F920E /* aes_ctr.h in Headers */,
				24BBDC28233368D8006F920E /* version.h in Headers */,
				24BBDC3F233368D8006F920E /* swresample.h in Headers */,
				24BBDBD8233368D8006F920E /* hwcontext.h in Headers */,
				24BBDC35233368D8006F920E /* d3d11va.h in Headers */,
				24BBDC19233368D8006F920E /* parseutils.h in Headers */,
				24BBDBF9233368D8006F920E /* attributes.h in Headers */,
				24BBDC0B233368D8006F920E /* log.h in Headers */,
				24BBDC05233368D8006F920E /* hmac.h in Headers */,
				24BBDBFA233368D8006F920E /* adler32.h in Headers */,
				24BBDC14233368D8006F920E /* channel_layout.h in Headers */,
				24BBDBF1233368D8006F920E /* md5.h in Headers */,
				24BBDBF0233368D8006F920E /* file.h in Headers */,
				24BBDBEE233368D8006F920E /* hwcontext_vdpau.h in Headers */,
				24BBDBDA233368D8006F920E /* hwcontext_cuda.h in Headers */,
				24BBDC2F233368D8006F920E /* vdpau.h in Headers */,
				24BBDC23233368D8006F920E /* mathematics.h in Headers */,
				24BBDBFD233368D8006F920E /* sha512.h in Headers */,
				24BBDC1D233368D8006F920E /* pixfmt.h in Headers */,
				24BBDC03233368D8006F920E /* hwcontext_drm.h in Headers */,
				24BBDBFF233368D8006F920E /* display.h in Headers */,
				24BBDC31233368D8006F920E /* vaapi.h in Headers */,
				24BBDC07233368D8006F920E /* dict.h in Headers */,
				24BBDBF6233368D8006F920E /* audio_fifo.h in Headers */,
				24BBDBE3233368D8006F920E /* samplefmt.h in Headers */,
				24BBDBE4233368D8006F920E /* pixdesc.h in Headers */,
				24BBDC02233368D8006F920E /* pixelutils.h in Headers */,
				24BBDC15233368D8006F920E /* twofish.h in Headers */,
				24BBDC1C233368D8006F920E /* hwcontext_qsv.h in Headers */,
				24BBDC21233368D8006F920E /* avassert.h in Headers */,
				24BBDC1A233368D8006F920E /* ripemd.h in Headers */,
				24BBDC29233368D8006F920E /* avio.h in Headers */,
				24BBDBEB233368D8006F920E /* avutil.h in Headers */,
				24BBDC20233368D8006F920E /* downmix_info.h in Headers */,
				24BBDC2C233368D8006F920E /* swscale.h in Headers */,
				24BBDBE5233368D8006F920E /* base64.h in Headers */,
				24BBDC34233368D8006F920E /* mediacodec.h in Headers */,
				24BBDC3B233368D8006F920E /* vorbis_parser.h in Headers */,
				24BBDC32233368D8006F920E /* videotoolbox.h in Headers */,
				24BBDBDF233368D8006F920E /* replaygain.h in Headers */,
				24BBDC12233368D8006F920E /* lzo.h in Headers */,
				24BBDC09233368D8006F920E /* opt.h in Headers */,
				24BBDBF8233368D8006F920E /* threadmessage.h in Headers */,
				24BBDC2D233368D8006F920E /* avcodec.h in Headers */,
				24BBDBFE233368D8006F920E /* hwcontext_dxva2.h in Headers */,
				24BBDC13233368D8006F920E /* des.h in Headers */,
				24BBDC2B233368D8006F920E /* version.h in Headers */,
				24BBDBDB233368D8006F920E /* intfloat.h in Headers */,
				24BBDC06233368D8006F920E /* eval.h in Headers */,
				24BBDC36233368D8006F920E /* avfft.h in Headers */,
				24BBDC04233368D8006F920E /* common.h in Headers */,
				247A73D8232FA5EB00883A89 /* xvid.h in Headers */,
				247A73D0232FA5E200883A89 /* genericStds.h in Headers */,
				247A7411232FA5F600883A89 /* x264.h in Headers */,
				24BBDC08233368D8006F920E /* random_seed.h in Headers */,
				24BBDC18233368D8006F920E /* mem.h in Headers */,
				24BBDC37233368D8006F920E /* vda.h in Headers */,
				24BBDC16233368D8006F920E /* imgutils.h in Headers */,
				24BBDC38233368D8006F920E /* jni.h in Headers */,
				24BBDC17233368D8006F920E /* hwcontext_videotoolbox.h in Headers */,
				247A73CF232FA5E200883A89 /* aacenc_lib.h in Headers */,
				24BBDBEF233368D8006F920E /* frame.h in Headers */,
				24BBDC3E233368D8006F920E /* version.h in Headers */,
				24BBDC00233368D8006F920E /* buffer.h in Headers */,
				24BBDC0D233368D8006F920E /* macros.h in Headers */,
				24BBDBDD233368D8006F920E /* fifo.h in Headers */,
				24BBDC10233368D8006F920E /* tea.h in Headers */,
				24BBDC2E233368D8006F920E /* version.h in Headers */,
				24BBDBF3233368D8006F920E /* hwcontext_vaapi.h in Headers */,
				24BBDBE1233368D8006F920E /* murmur3.h in Headers */,
				24BBDBE6233368D8006F920E /* rational.h in Headers */,
				24BBDC0E233368D8006F920E /* bswap.h in Headers */,
				24BBDC33233368D8006F920E /* xvmc.h in Headers */,
				24BBDBF7233368D8006F920E /* tree.h in Headers */,
				24BBDC0A233368D8006F920E /* mastering_display_metadata.h in Headers */,
				24BBDC24233368D8006F920E /* intreadwrite.h in Headers */,
				24BBDC1F233368D8006F920E /* timestamp.h in Headers */,
				24BBDBEC233368D8006F920E /* xtea.h in Headers */,
				24BBDC0C233368D8006F920E /* aes.h in Headers */,
				24BBDBE2233368D8006F920E /* stereo3d.h in Headers */,
				24BBDBF4233368D8006F920E /* spherical.h in Headers */,
				24BBDBDC233368D8006F920E /* error.h in Headers */,
				24BBDBED233368D8006F920E /* crc.h in Headers */,
				24BBDBFB233368D8006F920E /* hwcontext_d3d11va.h in Headers */,
				24BBDBF2233368D8006F920E /* cast5.h in Headers */,
				24BBDC0F233368D8006F920E /* rc4.h in Headers */,
				247A7410232FA5F600883A89 /* x264_config.h in Headers */,
				24BBDC3D233368D8006F920E /* dv_profile.h in Headers */,
				24BBDBE0233368D8006F920E /* version.h in Headers */,
			);
			runOnlyForDeploymentPostprocessing = 0;
		};
/* End PBXHeadersBuildPhase section */

/* Begin PBXNativeTarget section */
		247A72AF232F9FB000883A89 /* AFOFFMpegLib */ = {
			isa = PBXNativeTarget;
			buildConfigurationList = 247A72B8232F9FB000883A89 /* Build configuration list for PBXNativeTarget "AFOFFMpegLib" */;
			buildPhases = (
				247A72AB232F9FB000883A89 /* Headers */,
				247A72AC232F9FB000883A89 /* Sources */,
				247A72AD232F9FB000883A89 /* Frameworks */,
				247A72AE232F9FB000883A89 /* Resources */,
			);
			buildRules = (
			);
			dependencies = (
			);
			name = AFOFFMpegLib;
			productName = AFOFFMpegLib;
			productReference = 247A72B0232F9FB000883A89 /* AFOFFMpegLib.framework */;
			productType = "com.apple.product-type.framework";
		};
/* End PBXNativeTarget section */

/* Begin PBXProject section */
		247A72A7232F9FB000883A89 /* Project object */ = {
			isa = PBXProject;
			attributes = {
				LastUpgradeCheck = 1030;
				ORGANIZATIONNAME = "AFO Science Technology Ltd";
				TargetAttributes = {
					247A72AF232F9FB000883A89 = {
						CreatedOnToolsVersion = 10.3;
					};
				};
			};
			buildConfigurationList = 247A72AA232F9FB000883A89 /* Build configuration list for PBXProject "AFOFFMpegLib" */;
			compatibilityVersion = "Xcode 9.3";
			developmentRegion = en;
			hasScannedForEncodings = 0;
			knownRegions = (
				en,
			);
			mainGroup = 247A72A6232F9FB000883A89;
			productRefGroup = 247A72B1232F9FB000883A89 /* Products */;
			projectDirPath = "";
			projectRoot = "";
			targets = (
				247A72AF232F9FB000883A89 /* AFOFFMpegLib */,
			);
		};
/* End PBXProject section */

/* Begin PBXResourcesBuildPhase section */
		247A72AE232F9FB000883A89 /* Resources */ = {
			isa = PBXResourcesBuildPhase;
			buildActionMask = 2147483647;
			files = (
			);
			runOnlyForDeploymentPostprocessing = 0;
		};
/* End PBXResourcesBuildPhase section */

/* Begin PBXSourcesBuildPhase section */
		247A72AC232F9FB000883A89 /* Sources */ = {
			isa = PBXSourcesBuildPhase;
			buildActionMask = 2147483647;
			files = (
			);
			runOnlyForDeploymentPostprocessing = 0;
		};
/* End PBXSourcesBuildPhase section */

/* Begin XCBuildConfiguration section */
		247A72B6232F9FB000883A89 /* Debug */ = {
			isa = XCBuildConfiguration;
			buildSettings = {
				ALWAYS_SEARCH_USER_PATHS = NO;
				CLANG_ANALYZER_NONNULL = YES;
				CLANG_ANALYZER_NUMBER_OBJECT_CONVERSION = YES_AGGRESSIVE;
				CLANG_CXX_LANGUAGE_STANDARD = "gnu++14";
				CLANG_CXX_LIBRARY = "libc++";
				CLANG_ENABLE_MODULES = YES;
				CLANG_ENABLE_OBJC_ARC = YES;
				CLANG_ENABLE_OBJC_WEAK = YES;
				CLANG_WARN_BLOCK_CAPTURE_AUTORELEASING = YES;
				CLANG_WARN_BOOL_CONVERSION = YES;
				CLANG_WARN_COMMA = YES;
				CLANG_WARN_CONSTANT_CONVERSION = YES;
				CLANG_WARN_DEPRECATED_OBJC_IMPLEMENTATIONS = YES;
				CLANG_WARN_DIRECT_OBJC_ISA_USAGE = YES_ERROR;
				CLANG_WARN_DOCUMENTATION_COMMENTS = YES;
				CLANG_WARN_EMPTY_BODY = YES;
				CLANG_WARN_ENUM_CONVERSION = YES;
				CLANG_WARN_INFINITE_RECURSION = YES;
				CLANG_WARN_INT_CONVERSION = YES;
				CLANG_WARN_NON_LITERAL_NULL_CONVERSION = YES;
				CLANG_WARN_OBJC_IMPLICIT_RETAIN_SELF = YES;
				CLANG_WARN_OBJC_LITERAL_CONVERSION = YES;
				CLANG_WARN_OBJC_ROOT_CLASS = YES_ERROR;
				CLANG_WARN_RANGE_LOOP_ANALYSIS = YES;
				CLANG_WARN_STRICT_PROTOTYPES = YES;
				CLANG_WARN_SUSPICIOUS_MOVE = YES;
				CLANG_WARN_UNGUARDED_AVAILABILITY = YES_AGGRESSIVE;
				CLANG_WARN_UNREACHABLE_CODE = YES;
				CLANG_WARN__DUPLICATE_METHOD_MATCH = YES;
				CODE_SIGN_IDENTITY = "iPhone Developer";
				COPY_PHASE_STRIP = NO;
				CURRENT_PROJECT_VERSION = 1;
				DEBUG_INFORMATION_FORMAT = dwarf;
				ENABLE_STRICT_OBJC_MSGSEND = YES;
				ENABLE_TESTABILITY = YES;
				GCC_C_LANGUAGE_STANDARD = gnu11;
				GCC_DYNAMIC_NO_PIC = NO;
				GCC_NO_COMMON_BLOCKS = YES;
				GCC_OPTIMIZATION_LEVEL = 0;
				GCC_PREPROCESSOR_DEFINITIONS = (
					"DEBUG=1",
					"$(inherited)",
				);
				GCC_WARN_64_TO_32_BIT_CONVERSION = YES;
				GCC_WARN_ABOUT_RETURN_TYPE = YES_ERROR;
				GCC_WARN_UNDECLARED_SELECTOR = YES;
				GCC_WARN_UNINITIALIZED_AUTOS = YES_AGGRESSIVE;
				GCC_WARN_UNUSED_FUNCTION = YES;
				GCC_WARN_UNUSED_VARIABLE = YES;
				IPHONEOS_DEPLOYMENT_TARGET = 12.4;
				MTL_ENABLE_DEBUG_INFO = INCLUDE_SOURCE;
				MTL_FAST_MATH = YES;
				ONLY_ACTIVE_ARCH = YES;
				SDKROOT = iphoneos;
				VERSIONING_SYSTEM = "apple-generic";
				VERSION_INFO_PREFIX = "";
			};
			name = Debug;
		};
		247A72B7232F9FB000883A89 /* Release */ = {
			isa = XCBuildConfiguration;
			buildSettings = {
				ALWAYS_SEARCH_USER_PATHS = NO;
				CLANG_ANALYZER_NONNULL = YES;
				CLANG_ANALYZER_NUMBER_OBJECT_CONVERSION = YES_AGGRESSIVE;
				CLANG_CXX_LANGUAGE_STANDARD = "gnu++14";
				CLANG_CXX_LIBRARY = "libc++";
				CLANG_ENABLE_MODULES = YES;
				CLANG_ENABLE_OBJC_ARC = YES;
				CLANG_ENABLE_OBJC_WEAK = YES;
				CLANG_WARN_BLOCK_CAPTURE_AUTORELEASING = YES;
				CLANG_WARN_BOOL_CONVERSION = YES;
				CLANG_WARN_COMMA = YES;
				CLANG_WARN_CONSTANT_CONVERSION = YES;
				CLANG_WARN_DEPRECATED_OBJC_IMPLEMENTATIONS = YES;
				CLANG_WARN_DIRECT_OBJC_ISA_USAGE = YES_ERROR;
				CLANG_WARN_DOCUMENTATION_COMMENTS = YES;
				CLANG_WARN_EMPTY_BODY = YES;
				CLANG_WARN_ENUM_CONVERSION = YES;
				CLANG_WARN_INFINITE_RECURSION = YES;
				CLANG_WARN_INT_CONVERSION = YES;
				CLANG_WARN_NON_LITERAL_NULL_CONVERSION = YES;
				CLANG_WARN_OBJC_IMPLICIT_RETAIN_SELF = YES;
				CLANG_WARN_OBJC_LITERAL_CONVERSION = YES;
				CLANG_WARN_OBJC_ROOT_CLASS = YES_ERROR;
				CLANG_WARN_RANGE_LOOP_ANALYSIS = YES;
				CLANG_WARN_STRICT_PROTOTYPES = YES;
				CLANG_WARN_SUSPICIOUS_MOVE = YES;
				CLANG_WARN_UNGUARDED_AVAILABILITY = YES_AGGRESSIVE;
				CLANG_WARN_UNREACHABLE_CODE = YES;
				CLANG_WARN__DUPLICATE_METHOD_MATCH = YES;
				CODE_SIGN_IDENTITY = "iPhone Developer";
				COPY_PHASE_STRIP = NO;
				CURRENT_PROJECT_VERSION = 1;
				DEBUG_INFORMATION_FORMAT = "dwarf-with-dsym";
				ENABLE_NS_ASSERTIONS = NO;
				ENABLE_STRICT_OBJC_MSGSEND = YES;
				GCC_C_LANGUAGE_STANDARD = gnu11;
				GCC_NO_COMMON_BLOCKS = YES;
				GCC_WARN_64_TO_32_BIT_CONVERSION = YES;
				GCC_WARN_ABOUT_RETURN_TYPE = YES_ERROR;
				GCC_WARN_UNDECLARED_SELECTOR = YES;
				GCC_WARN_UNINITIALIZED_AUTOS = YES_AGGRESSIVE;
				GCC_WARN_UNUSED_FUNCTION = YES;
				GCC_WARN_UNUSED_VARIABLE = YES;
				IPHONEOS_DEPLOYMENT_TARGET = 12.4;
				MTL_ENABLE_DEBUG_INFO = NO;
				MTL_FAST_MATH = YES;
				SDKROOT = iphoneos;
				VALIDATE_PRODUCT = YES;
				VERSIONING_SYSTEM = "apple-generic";
				VERSION_INFO_PREFIX = "";
			};
			name = Release;
		};
		247A72B9232F9FB000883A89 /* Debug */ = {
			isa = XCBuildConfiguration;
			buildSettings = {
				CODE_SIGN_IDENTITY = "";
				CODE_SIGN_STYLE = Automatic;
				DEFINES_MODULE = YES;
				DEVELOPMENT_TEAM = 7XP5ZBK9EN;
				DYLIB_COMPATIBILITY_VERSION = 1;
				DYLIB_CURRENT_VERSION = 1;
				DYLIB_INSTALL_NAME_BASE = "@rpath";
				ENABLE_BITCODE = NO;
				HEADER_SEARCH_PATHS = (
					"$(inherited)",
					"$(PROJECT_DIR)/AFOFFMpegLib/FFmpeg/include/libpostproc",
					"$(PROJECT_DIR)/AFOFFMpegLib/FFmpeg/include/libavfilter",
					"$(PROJECT_DIR)/AFOFFMpegLib/FFmpeg/include/libavdevice",
					"$(PROJECT_DIR)/AFOFFMpegLib/FFmpeg/include/libavformat",
					"$(PROJECT_DIR)/AFOFFMpegLib/FFmpeg/include/libswscale",
					"$(PROJECT_DIR)/AFOFFMpegLib/FFmpeg/include/libavcodec",
					"$(PROJECT_DIR)/AFOFFMpegLib/FFmpeg/include/libswresample",
					"$(PROJECT_DIR)/AFOFFMpegLib/FFmpeg/include/libavutil",
				);
				INFOPLIST_FILE = "";
				INSTALL_PATH = "$(LOCAL_LIBRARY_DIR)/Frameworks";
				IPHONEOS_DEPLOYMENT_TARGET = 8.0;
				LD_RUNPATH_SEARCH_PATHS = (
					"$(inherited)",
					"@executable_path/Frameworks",
					"@loader_path/Frameworks",
				);
				LIBRARY_SEARCH_PATHS = (
					"$(inherited)",
					"$(PROJECT_DIR)/AFOFFMpegLib/FFmpeg/lib",
					"$(PROJECT_DIR)/AFOFFMpegLib/aac/lib",
					"$(PROJECT_DIR)/AFOFFMpegLib/libxvidcore/lib",
					"$(PROJECT_DIR)/AFOFFMpegLib/libyuv/lib",
					"$(PROJECT_DIR)/AFOFFMpegLib/x264/lib",
				);
				MACH_O_TYPE = staticlib;
				OTHER_LDFLAGS = (
					"-ObjC",
					"-all_load",
				);
				PRODUCT_BUNDLE_IDENTIFIER = com.AFO.AFOFFMpegLib;
				PRODUCT_NAME = "$(TARGET_NAME:c99extidentifier)";
				SKIP_INSTALL = YES;
				TARGETED_DEVICE_FAMILY = "1,2";
			};
			name = Debug;
		};
		247A72BA232F9FB000883A89 /* Release */ = {
			isa = XCBuildConfiguration;
			buildSettings = {
				CODE_SIGN_IDENTITY = "";
				CODE_SIGN_STYLE = Automatic;
				DEFINES_MODULE = YES;
				DEVELOPMENT_TEAM = 7XP5ZBK9EN;
				DYLIB_COMPATIBILITY_VERSION = 1;
				DYLIB_CURRENT_VERSION = 1;
				DYLIB_INSTALL_NAME_BASE = "@rpath";
				ENABLE_BITCODE = NO;
				HEADER_SEARCH_PATHS = (
					"$(inherited)",
					"$(PROJECT_DIR)/AFOFFMpegLib/FFmpeg/include/libpostproc",
					"$(PROJECT_DIR)/AFOFFMpegLib/FFmpeg/include/libavfilter",
					"$(PROJECT_DIR)/AFOFFMpegLib/FFmpeg/include/libavdevice",
					"$(PROJECT_DIR)/AFOFFMpegLib/FFmpeg/include/libavformat",
					"$(PROJECT_DIR)/AFOFFMpegLib/FFmpeg/include/libswscale",
					"$(PROJECT_DIR)/AFOFFMpegLib/FFmpeg/include/libavcodec",
					"$(PROJECT_DIR)/AFOFFMpegLib/FFmpeg/include/libswresample",
					"$(PROJECT_DIR)/AFOFFMpegLib/FFmpeg/include/libavutil",
				);
				INFOPLIST_FILE = "";
				INSTALL_PATH = "$(LOCAL_LIBRARY_DIR)/Frameworks";
				IPHONEOS_DEPLOYMENT_TARGET = 8.0;
				LD_RUNPATH_SEARCH_PATHS = (
					"$(inherited)",
					"@executable_path/Frameworks",
					"@loader_path/Frameworks",
				);
				LIBRARY_SEARCH_PATHS = (
					"$(inherited)",
					"$(PROJECT_DIR)/AFOFFMpegLib/FFmpeg/lib",
					"$(PROJECT_DIR)/AFOFFMpegLib/aac/lib",
					"$(PROJECT_DIR)/AFOFFMpegLib/libxvidcore/lib",
					"$(PROJECT_DIR)/AFOFFMpegLib/libyuv/lib",
					"$(PROJECT_DIR)/AFOFFMpegLib/x264/lib",
				);
				MACH_O_TYPE = staticlib;
				OTHER_LDFLAGS = (
					"-ObjC",
					"-all_load",
				);
				PRODUCT_BUNDLE_IDENTIFIER = com.AFO.AFOFFMpegLib;
				PRODUCT_NAME = "$(TARGET_NAME:c99extidentifier)";
				SKIP_INSTALL = YES;
				TARGETED_DEVICE_FAMILY = "1,2";
			};
			name = Release;
		};
/* End XCBuildConfiguration section */

/* Begin XCConfigurationList section */
		247A72AA232F9FB000883A89 /* Build configuration list for PBXProject "AFOFFMpegLib" */ = {
			isa = XCConfigurationList;
			buildConfigurations = (
				247A72B6232F9FB000883A89 /* Debug */,
				247A72B7232F9FB000883A89 /* Release */,
			);
			defaultConfigurationIsVisible = 0;
			defaultConfigurationName = Release;
		};
		247A72B8232F9FB000883A89 /* Build configuration list for PBXNativeTarget "AFOFFMpegLib" */ = {
			isa = XCConfigurationList;
			buildConfigurations = (
				247A72B9232F9FB000883A89 /* Debug */,
				247A72BA232F9FB000883A89 /* Release */,
			);
			defaultConfigurationIsVisible = 0;
			defaultConfigurationName = Release;
		};
/* End XCConfigurationList section */
	};
	rootObject = 247A72A7232F9FB000883A89 /* Project object */;
}
