// !$*UTF8*$!
{
	archiveVersion = 1;
	classes = {
	};
	objectVersion = 50;
	objects = {

/* Begin PBXBuildFile section */
		72B5AA0D2337AE6C00FBBDC9 /* AFOFFMpegLib.m in Sources */ = {isa = PBXBuildFile; fileRef = 72B5AA0C2337AE6C00FBBDC9 /* AFOFFMpegLib.m */; };
		72B5AA0E2337AE6C00FBBDC9 /* AFOFFMpegLib.h in CopyFiles */ = {isa = PBXBuildFile; fileRef = 72B5AA0B2337AE6C00FBBDC9 /* AFOFFMpegLib.h */; };
/* End PBXBuildFile section */

/* Begin PBXCopyFilesBuildPhase section */
		72B5AA062337AE6C00FBBDC9 /* CopyFiles */ = {
			isa = PBXCopyFilesBuildPhase;
			buildActionMask = 2147483647;
			dstPath = "include/$(PRODUCT_NAME)";
			dstSubfolderSpec = 16;
			files = (
				72B5AA0E2337AE6C00FBBDC9 /* AFOFFMpegLib.h in CopyFiles */,
			);
			runOnlyForDeploymentPostprocessing = 0;
		};
/* End PBXCopyFilesBuildPhase section */

/* Begin PBXFileReference section */
		72B5AA082337AE6C00FBBDC9 /* libAFOFFMpegLib.a */ = {isa = PBXFileReference; explicitFileType = archive.ar; includeInIndex = 0; path = libAFOFFMpegLib.a; sourceTree = BUILT_PRODUCTS_DIR; };
		72B5AA0B2337AE6C00FBBDC9 /* AFOFFMpegLib.h */ = {isa = PBXFileReference; lastKnownFileType = sourcecode.c.h; path = AFOFFMpegLib.h; sourceTree = "<group>"; };
		72B5AA0C2337AE6C00FBBDC9 /* AFOFFMpegLib.m */ = {isa = PBXFileReference; lastKnownFileType = sourcecode.c.objc; path = AFOFFMpegLib.m; sourceTree = "<group>"; };
		72B5AA202337AEAA00FBBDC9 /* hwcontext.h */ = {isa = PBXFileReference; fileEncoding = 4; lastKnownFileType = sourcecode.c.h; path = hwcontext.h; sourceTree = "<group>"; };
		72B5AA212337AEAA00FBBDC9 /* time.h */ = {isa = PBXFileReference; fileEncoding = 4; lastKnownFileType = sourcecode.c.h; path = time.h; sourceTree = "<group>"; };
		72B5AA222337AEAA00FBBDC9 /* hwcontext_cuda.h */ = {isa = PBXFileReference; fileEncoding = 4; lastKnownFileType = sourcecode.c.h; path = hwcontext_cuda.h; sourceTree = "<group>"; };
		72B5AA232337AEAA00FBBDC9 /* intfloat.h */ = {isa = PBXFileReference; fileEncoding = 4; lastKnownFileType = sourcecode.c.h; path = intfloat.h; sourceTree = "<group>"; };
		72B5AA242337AEAA00FBBDC9 /* error.h */ = {isa = PBXFileReference; fileEncoding = 4; lastKnownFileType = sourcecode.c.h; path = error.h; sourceTree = "<group>"; };
		72B5AA252337AEAA00FBBDC9 /* fifo.h */ = {isa = PBXFileReference; fileEncoding = 4; lastKnownFileType = sourcecode.c.h; path = fifo.h; sourceTree = "<group>"; };
		72B5AA262337AEAA00FBBDC9 /* blowfish.h */ = {isa = PBXFileReference; fileEncoding = 4; lastKnownFileType = sourcecode.c.h; path = blowfish.h; sourceTree = "<group>"; };
		72B5AA272337AEAA00FBBDC9 /* replaygain.h */ = {isa = PBXFileReference; fileEncoding = 4; lastKnownFileType = sourcecode.c.h; path = replaygain.h; sourceTree = "<group>"; };
		72B5AA282337AEAA00FBBDC9 /* version.h */ = {isa = PBXFileReference; fileEncoding = 4; lastKnownFileType = sourcecode.c.h; path = version.h; sourceTree = "<group>"; };
		72B5AA292337AEAA00FBBDC9 /* murmur3.h */ = {isa = PBXFileReference; fileEncoding = 4; lastKnownFileType = sourcecode.c.h; path = murmur3.h; sourceTree = "<group>"; };
		72B5AA2A2337AEAA00FBBDC9 /* stereo3d.h */ = {isa = PBXFileReference; fileEncoding = 4; lastKnownFileType = sourcecode.c.h; path = stereo3d.h; sourceTree = "<group>"; };
		72B5AA2B2337AEAA00FBBDC9 /* samplefmt.h */ = {isa = PBXFileReference; fileEncoding = 4; lastKnownFileType = sourcecode.c.h; path = samplefmt.h; sourceTree = "<group>"; };
		72B5AA2C2337AEAA00FBBDC9 /* pixdesc.h */ = {isa = PBXFileReference; fileEncoding = 4; lastKnownFileType = sourcecode.c.h; path = pixdesc.h; sourceTree = "<group>"; };
		72B5AA2D2337AEAA00FBBDC9 /* base64.h */ = {isa = PBXFileReference; fileEncoding = 4; lastKnownFileType = sourcecode.c.h; path = base64.h; sourceTree = "<group>"; };
		72B5AA2E2337AEAA00FBBDC9 /* rational.h */ = {isa = PBXFileReference; fileEncoding = 4; lastKnownFileType = sourcecode.c.h; path = rational.h; sourceTree = "<group>"; };
		72B5AA2F2337AEAA00FBBDC9 /* sha.h */ = {isa = PBXFileReference; fileEncoding = 4; lastKnownFileType = sourcecode.c.h; path = sha.h; sourceTree = "<group>"; };
		72B5AA302337AEAA00FBBDC9 /* motion_vector.h */ = {isa = PBXFileReference; fileEncoding = 4; lastKnownFileType = sourcecode.c.h; path = motion_vector.h; sourceTree = "<group>"; };
		72B5AA312337AEAA00FBBDC9 /* avconfig.h */ = {isa = PBXFileReference; fileEncoding = 4; lastKnownFileType = sourcecode.c.h; path = avconfig.h; sourceTree = "<group>"; };
		72B5AA322337AEAA00FBBDC9 /* lfg.h */ = {isa = PBXFileReference; fileEncoding = 4; lastKnownFileType = sourcecode.c.h; path = lfg.h; sourceTree = "<group>"; };
		72B5AA332337AEAA00FBBDC9 /* avutil.h */ = {isa = PBXFileReference; fileEncoding = 4; lastKnownFileType = sourcecode.c.h; path = avutil.h; sourceTree = "<group>"; };
		72B5AA342337AEAA00FBBDC9 /* xtea.h */ = {isa = PBXFileReference; fileEncoding = 4; lastKnownFileType = sourcecode.c.h; path = xtea.h; sourceTree = "<group>"; };
		72B5AA352337AEAA00FBBDC9 /* crc.h */ = {isa = PBXFileReference; fileEncoding = 4; lastKnownFileType = sourcecode.c.h; path = crc.h; sourceTree = "<group>"; };
		72B5AA362337AEAA00FBBDC9 /* hwcontext_vdpau.h */ = {isa = PBXFileReference; fileEncoding = 4; lastKnownFileType = sourcecode.c.h; path = hwcontext_vdpau.h; sourceTree = "<group>"; };
		72B5AA372337AEAA00FBBDC9 /* frame.h */ = {isa = PBXFileReference; fileEncoding = 4; lastKnownFileType = sourcecode.c.h; path = frame.h; sourceTree = "<group>"; };
		72B5AA382337AEAA00FBBDC9 /* file.h */ = {isa = PBXFileReference; fileEncoding = 4; lastKnownFileType = sourcecode.c.h; path = file.h; sourceTree = "<group>"; };
		72B5AA392337AEAA00FBBDC9 /* md5.h */ = {isa = PBXFileReference; fileEncoding = 4; lastKnownFileType = sourcecode.c.h; path = md5.h; sourceTree = "<group>"; };
		72B5AA3A2337AEAA00FBBDC9 /* cast5.h */ = {isa = PBXFileReference; fileEncoding = 4; lastKnownFileType = sourcecode.c.h; path = cast5.h; sourceTree = "<group>"; };
		72B5AA3B2337AEAA00FBBDC9 /* hwcontext_vaapi.h */ = {isa = PBXFileReference; fileEncoding = 4; lastKnownFileType = sourcecode.c.h; path = hwcontext_vaapi.h; sourceTree = "<group>"; };
		72B5AA3C2337AEAA00FBBDC9 /* spherical.h */ = {isa = PBXFileReference; fileEncoding = 4; lastKnownFileType = sourcecode.c.h; path = spherical.h; sourceTree = "<group>"; };
		72B5AA3D2337AEAA00FBBDC9 /* ffversion.h */ = {isa = PBXFileReference; fileEncoding = 4; lastKnownFileType = sourcecode.c.h; path = ffversion.h; sourceTree = "<group>"; };
		72B5AA3E2337AEAA00FBBDC9 /* audio_fifo.h */ = {isa = PBXFileReference; fileEncoding = 4; lastKnownFileType = sourcecode.c.h; path = audio_fifo.h; sourceTree = "<group>"; };
		72B5AA3F2337AEAA00FBBDC9 /* tree.h */ = {isa = PBXFileReference; fileEncoding = 4; lastKnownFileType = sourcecode.c.h; path = tree.h; sourceTree = "<group>"; };
		72B5AA402337AEAA00FBBDC9 /* threadmessage.h */ = {isa = PBXFileReference; fileEncoding = 4; lastKnownFileType = sourcecode.c.h; path = threadmessage.h; sourceTree = "<group>"; };
		72B5AA412337AEAA00FBBDC9 /* attributes.h */ = {isa = PBXFileReference; fileEncoding = 4; lastKnownFileType = sourcecode.c.h; path = attributes.h; sourceTree = "<group>"; };
		72B5AA422337AEAA00FBBDC9 /* adler32.h */ = {isa = PBXFileReference; fileEncoding = 4; lastKnownFileType = sourcecode.c.h; path = adler32.h; sourceTree = "<group>"; };
		72B5AA432337AEAA00FBBDC9 /* hwcontext_d3d11va.h */ = {isa = PBXFileReference; fileEncoding = 4; lastKnownFileType = sourcecode.c.h; path = hwcontext_d3d11va.h; sourceTree = "<group>"; };
		72B5AA442337AEAA00FBBDC9 /* timecode.h */ = {isa = PBXFileReference; fileEncoding = 4; lastKnownFileType = sourcecode.c.h; path = timecode.h; sourceTree = "<group>"; };
		72B5AA452337AEAA00FBBDC9 /* sha512.h */ = {isa = PBXFileReference; fileEncoding = 4; lastKnownFileType = sourcecode.c.h; path = sha512.h; sourceTree = "<group>"; };
		72B5AA462337AEAA00FBBDC9 /* hwcontext_dxva2.h */ = {isa = PBXFileReference; fileEncoding = 4; lastKnownFileType = sourcecode.c.h; path = hwcontext_dxva2.h; sourceTree = "<group>"; };
		72B5AA472337AEAA00FBBDC9 /* display.h */ = {isa = PBXFileReference; fileEncoding = 4; lastKnownFileType = sourcecode.c.h; path = display.h; sourceTree = "<group>"; };
		72B5AA482337AEAA00FBBDC9 /* buffer.h */ = {isa = PBXFileReference; fileEncoding = 4; lastKnownFileType = sourcecode.c.h; path = buffer.h; sourceTree = "<group>"; };
		72B5AA492337AEAA00FBBDC9 /* camellia.h */ = {isa = PBXFileReference; fileEncoding = 4; lastKnownFileType = sourcecode.c.h; path = camellia.h; sourceTree = "<group>"; };
		72B5AA4A2337AEAA00FBBDC9 /* pixelutils.h */ = {isa = PBXFileReference; fileEncoding = 4; lastKnownFileType = sourcecode.c.h; path = pixelutils.h; sourceTree = "<group>"; };
		72B5AA4B2337AEAA00FBBDC9 /* hwcontext_drm.h */ = {isa = PBXFileReference; fileEncoding = 4; lastKnownFileType = sourcecode.c.h; path = hwcontext_drm.h; sourceTree = "<group>"; };
		72B5AA4C2337AEAA00FBBDC9 /* common.h */ = {isa = PBXFileReference; fileEncoding = 4; lastKnownFileType = sourcecode.c.h; path = common.h; sourceTree = "<group>"; };
		72B5AA4D2337AEAA00FBBDC9 /* hmac.h */ = {isa = PBXFileReference; fileEncoding = 4; lastKnownFileType = sourcecode.c.h; path = hmac.h; sourceTree = "<group>"; };
		72B5AA4E2337AEAA00FBBDC9 /* eval.h */ = {isa = PBXFileReference; fileEncoding = 4; lastKnownFileType = sourcecode.c.h; path = eval.h; sourceTree = "<group>"; };
		72B5AA4F2337AEAA00FBBDC9 /* dict.h */ = {isa = PBXFileReference; fileEncoding = 4; lastKnownFileType = sourcecode.c.h; path = dict.h; sourceTree = "<group>"; };
		72B5AA502337AEAA00FBBDC9 /* random_seed.h */ = {isa = PBXFileReference; fileEncoding = 4; lastKnownFileType = sourcecode.c.h; path = random_seed.h; sourceTree = "<group>"; };
		72B5AA512337AEAA00FBBDC9 /* opt.h */ = {isa = PBXFileReference; fileEncoding = 4; lastKnownFileType = sourcecode.c.h; path = opt.h; sourceTree = "<group>"; };
		72B5AA522337AEAA00FBBDC9 /* mastering_display_metadata.h */ = {isa = PBXFileReference; fileEncoding = 4; lastKnownFileType = sourcecode.c.h; path = mastering_display_metadata.h; sourceTree = "<group>"; };
		72B5AA532337AEAA00FBBDC9 /* log.h */ = {isa = PBXFileReference; fileEncoding = 4; lastKnownFileType = sourcecode.c.h; path = log.h; sourceTree = "<group>"; };
		72B5AA542337AEAA00FBBDC9 /* aes.h */ = {isa = PBXFileReference; fileEncoding = 4; lastKnownFileType = sourcecode.c.h; path = aes.h; sourceTree = "<group>"; };
		72B5AA552337AEAA00FBBDC9 /* macros.h */ = {isa = PBXFileReference; fileEncoding = 4; lastKnownFileType = sourcecode.c.h; path = macros.h; sourceTree = "<group>"; };
		72B5AA562337AEAA00FBBDC9 /* bswap.h */ = {isa = PBXFileReference; fileEncoding = 4; lastKnownFileType = sourcecode.c.h; path = bswap.h; sourceTree = "<group>"; };
		72B5AA572337AEAA00FBBDC9 /* rc4.h */ = {isa = PBXFileReference; fileEncoding = 4; lastKnownFileType = sourcecode.c.h; path = rc4.h; sourceTree = "<group>"; };
		72B5AA582337AEAA00FBBDC9 /* tea.h */ = {isa = PBXFileReference; fileEncoding = 4; lastKnownFileType = sourcecode.c.h; path = tea.h; sourceTree = "<group>"; };
		72B5AA592337AEAA00FBBDC9 /* cpu.h */ = {isa = PBXFileReference; fileEncoding = 4; lastKnownFileType = sourcecode.c.h; path = cpu.h; sourceTree = "<group>"; };
		72B5AA5A2337AEAA00FBBDC9 /* lzo.h */ = {isa = PBXFileReference; fileEncoding = 4; lastKnownFileType = sourcecode.c.h; path = lzo.h; sourceTree = "<group>"; };
		72B5AA5B2337AEAA00FBBDC9 /* des.h */ = {isa = PBXFileReference; fileEncoding = 4; lastKnownFileType = sourcecode.c.h; path = des.h; sourceTree = "<group>"; };
		72B5AA5C2337AEAA00FBBDC9 /* channel_layout.h */ = {isa = PBXFileReference; fileEncoding = 4; lastKnownFileType = sourcecode.c.h; path = channel_layout.h; sourceTree = "<group>"; };
		72B5AA5D2337AEAA00FBBDC9 /* twofish.h */ = {isa = PBXFileReference; fileEncoding = 4; lastKnownFileType = sourcecode.c.h; path = twofish.h; sourceTree = "<group>"; };
		72B5AA5E2337AEAA00FBBDC9 /* imgutils.h */ = {isa = PBXFileReference; fileEncoding = 4; lastKnownFileType = sourcecode.c.h; path = imgutils.h; sourceTree = "<group>"; };
		72B5AA5F2337AEAA00FBBDC9 /* hwcontext_videotoolbox.h */ = {isa = PBXFileReference; fileEncoding = 4; lastKnownFileType = sourcecode.c.h; path = hwcontext_videotoolbox.h; sourceTree = "<group>"; };
		72B5AA602337AEAA00FBBDC9 /* mem.h */ = {isa = PBXFileReference; fileEncoding = 4; lastKnownFileType = sourcecode.c.h; path = mem.h; sourceTree = "<group>"; };
		72B5AA612337AEAA00FBBDC9 /* parseutils.h */ = {isa = PBXFileReference; fileEncoding = 4; lastKnownFileType = sourcecode.c.h; path = parseutils.h; sourceTree = "<group>"; };
		72B5AA622337AEAA00FBBDC9 /* ripemd.h */ = {isa = PBXFileReference; fileEncoding = 4; lastKnownFileType = sourcecode.c.h; path = ripemd.h; sourceTree = "<group>"; };
		72B5AA632337AEAA00FBBDC9 /* bprint.h */ = {isa = PBXFileReference; fileEncoding = 4; lastKnownFileType = sourcecode.c.h; path = bprint.h; sourceTree = "<group>"; };
		72B5AA642337AEAA00FBBDC9 /* hwcontext_qsv.h */ = {isa = PBXFileReference; fileEncoding = 4; lastKnownFileType = sourcecode.c.h; path = hwcontext_qsv.h; sourceTree = "<group>"; };
		72B5AA652337AEAA00FBBDC9 /* pixfmt.h */ = {isa = PBXFileReference; fileEncoding = 4; lastKnownFileType = sourcecode.c.h; path = pixfmt.h; sourceTree = "<group>"; };
		72B5AA662337AEAA00FBBDC9 /* aes_ctr.h */ = {isa = PBXFileReference; fileEncoding = 4; lastKnownFileType = sourcecode.c.h; path = aes_ctr.h; sourceTree = "<group>"; };
		72B5AA672337AEAA00FBBDC9 /* timestamp.h */ = {isa = PBXFileReference; fileEncoding = 4; lastKnownFileType = sourcecode.c.h; path = timestamp.h; sourceTree = "<group>"; };
		72B5AA682337AEAA00FBBDC9 /* downmix_info.h */ = {isa = PBXFileReference; fileEncoding = 4; lastKnownFileType = sourcecode.c.h; path = downmix_info.h; sourceTree = "<group>"; };
		72B5AA692337AEAA00FBBDC9 /* avassert.h */ = {isa = PBXFileReference; fileEncoding = 4; lastKnownFileType = sourcecode.c.h; path = avassert.h; sourceTree = "<group>"; };
		72B5AA6A2337AEAA00FBBDC9 /* hash.h */ = {isa = PBXFileReference; fileEncoding = 4; lastKnownFileType = sourcecode.c.h; path = hash.h; sourceTree = "<group>"; };
		72B5AA6B2337AEAA00FBBDC9 /* mathematics.h */ = {isa = PBXFileReference; fileEncoding = 4; lastKnownFileType = sourcecode.c.h; path = mathematics.h; sourceTree = "<group>"; };
		72B5AA6C2337AEAA00FBBDC9 /* intreadwrite.h */ = {isa = PBXFileReference; fileEncoding = 4; lastKnownFileType = sourcecode.c.h; path = intreadwrite.h; sourceTree = "<group>"; };
		72B5AA6D2337AEAA00FBBDC9 /* avstring.h */ = {isa = PBXFileReference; fileEncoding = 4; lastKnownFileType = sourcecode.c.h; path = avstring.h; sourceTree = "<group>"; };
		72B5AA722337AEAA00FBBDC9 /* version.h */ = {isa = PBXFileReference; fileEncoding = 4; lastKnownFileType = sourcecode.c.h; path = version.h; sourceTree = "<group>"; };
		72B5AA732337AEAA00FBBDC9 /* avio.h */ = {isa = PBXFileReference; fileEncoding = 4; lastKnownFileType = sourcecode.c.h; path = avio.h; sourceTree = "<group>"; };
		72B5AA742337AEAA00FBBDC9 /* avformat.h */ = {isa = PBXFileReference; fileEncoding = 4; lastKnownFileType = sourcecode.c.h; path = avformat.h; sourceTree = "<group>"; };
		72B5AA762337AEAA00FBBDC9 /* version.h */ = {isa = PBXFileReference; fileEncoding = 4; lastKnownFileType = sourcecode.c.h; path = version.h; sourceTree = "<group>"; };
		72B5AA772337AEAA00FBBDC9 /* swscale.h */ = {isa = PBXFileReference; fileEncoding = 4; lastKnownFileType = sourcecode.c.h; path = swscale.h; sourceTree = "<group>"; };
		72B5AA792337AEAA00FBBDC9 /* avcodec.h */ = {isa = PBXFileReference; fileEncoding = 4; lastKnownFileType = sourcecode.c.h; path = avcodec.h; sourceTree = "<group>"; };
		72B5AA7A2337AEAA00FBBDC9 /* version.h */ = {isa = PBXFileReference; fileEncoding = 4; lastKnownFileType = sourcecode.c.h; path = version.h; sourceTree = "<group>"; };
		72B5AA7B2337AEAA00FBBDC9 /* vdpau.h */ = {isa = PBXFileReference; fileEncoding = 4; lastKnownFileType = sourcecode.c.h; path = vdpau.h; sourceTree = "<group>"; };
		72B5AA7C2337AEAA00FBBDC9 /* qsv.h */ = {isa = PBXFileReference; fileEncoding = 4; lastKnownFileType = sourcecode.c.h; path = qsv.h; sourceTree = "<group>"; };
		72B5AA7D2337AEAA00FBBDC9 /* vaapi.h */ = {isa = PBXFileReference; fileEncoding = 4; lastKnownFileType = sourcecode.c.h; path = vaapi.h; sourceTree = "<group>"; };
		72B5AA7E2337AEAA00FBBDC9 /* videotoolbox.h */ = {isa = PBXFileReference; fileEncoding = 4; lastKnownFileType = sourcecode.c.h; path = videotoolbox.h; sourceTree = "<group>"; };
		72B5AA7F2337AEAA00FBBDC9 /* xvmc.h */ = {isa = PBXFileReference; fileEncoding = 4; lastKnownFileType = sourcecode.c.h; path = xvmc.h; sourceTree = "<group>"; };
		72B5AA802337AEAA00FBBDC9 /* mediacodec.h */ = {isa = PBXFileReference; fileEncoding = 4; lastKnownFileType = sourcecode.c.h; path = mediacodec.h; sourceTree = "<group>"; };
		72B5AA812337AEAA00FBBDC9 /* d3d11va.h */ = {isa = PBXFileReference; fileEncoding = 4; lastKnownFileType = sourcecode.c.h; path = d3d11va.h; sourceTree = "<group>"; };
		72B5AA822337AEAA00FBBDC9 /* avfft.h */ = {isa = PBXFileReference; fileEncoding = 4; lastKnownFileType = sourcecode.c.h; path = avfft.h; sourceTree = "<group>"; };
		72B5AA832337AEAA00FBBDC9 /* vda.h */ = {isa = PBXFileReference; fileEncoding = 4; lastKnownFileType = sourcecode.c.h; path = vda.h; sourceTree = "<group>"; };
		72B5AA842337AEAA00FBBDC9 /* jni.h */ = {isa = PBXFileReference; fileEncoding = 4; lastKnownFileType = sourcecode.c.h; path = jni.h; sourceTree = "<group>"; };
		72B5AA852337AEAA00FBBDC9 /* dirac.h */ = {isa = PBXFileReference; fileEncoding = 4; lastKnownFileType = sourcecode.c.h; path = dirac.h; sourceTree = "<group>"; };
		72B5AA862337AEAA00FBBDC9 /* avdct.h */ = {isa = PBXFileReference; fileEncoding = 4; lastKnownFileType = sourcecode.c.h; path = avdct.h; sourceTree = "<group>"; };
		72B5AA872337AEAA00FBBDC9 /* vorbis_parser.h */ = {isa = PBXFileReference; fileEncoding = 4; lastKnownFileType = sourcecode.c.h; path = vorbis_parser.h; sourceTree = "<group>"; };
		72B5AA882337AEAA00FBBDC9 /* dxva2.h */ = {isa = PBXFileReference; fileEncoding = 4; lastKnownFileType = sourcecode.c.h; path = dxva2.h; sourceTree = "<group>"; };
		72B5AA892337AEAA00FBBDC9 /* dv_profile.h */ = {isa = PBXFileReference; fileEncoding = 4; lastKnownFileType = sourcecode.c.h; path = dv_profile.h; sourceTree = "<group>"; };
		72B5AA8B2337AEAA00FBBDC9 /* version.h */ = {isa = PBXFileReference; fileEncoding = 4; lastKnownFileType = sourcecode.c.h; path = version.h; sourceTree = "<group>"; };
		72B5AA8C2337AEAA00FBBDC9 /* swresample.h */ = {isa = PBXFileReference; fileEncoding = 4; lastKnownFileType = sourcecode.c.h; path = swresample.h; sourceTree = "<group>"; };
		72B5AA8E2337AEAA00FBBDC9 /* libavutil.a */ = {isa = PBXFileReference; lastKnownFileType = archive.ar; path = libavutil.a; sourceTree = "<group>"; };
		72B5AA902337AEAA00FBBDC9 /* libavcodec.a */ = {isa = PBXFileReference; lastKnownFileType = archive.ar; path = libavcodec.a; sourceTree = "<group>"; };
		72B5AA922337AEAA00FBBDC9 /* libavformat.a */ = {isa = PBXFileReference; lastKnownFileType = archive.ar; path = libavformat.a; sourceTree = "<group>"; };
		72B5AA942337AEAA00FBBDC9 /* libswresample.a */ = {isa = PBXFileReference; lastKnownFileType = archive.ar; path = libswresample.a; sourceTree = "<group>"; };
		72B5AA952337AEAA00FBBDC9 /* libswscale.a */ = {isa = PBXFileReference; lastKnownFileType = archive.ar; path = libswscale.a; sourceTree = "<group>"; };
		72B5AA982337AEAA00FBBDC9 /* x264_config.h */ = {isa = PBXFileReference; fileEncoding = 4; lastKnownFileType = sourcecode.c.h; path = x264_config.h; sourceTree = "<group>"; };
		72B5AA992337AEAA00FBBDC9 /* x264.h */ = {isa = PBXFileReference; fileEncoding = 4; lastKnownFileType = sourcecode.c.h; path = x264.h; sourceTree = "<group>"; };
		72B5AA9B2337AEAA00FBBDC9 /* libx264.a */ = {isa = PBXFileReference; lastKnownFileType = archive.ar; path = libx264.a; sourceTree = "<group>"; };
/* End PBXFileReference section */

/* Begin PBXFrameworksBuildPhase section */
		72B5AA052337AE6C00FBBDC9 /* Frameworks */ = {
			isa = PBXFrameworksBuildPhase;
			buildActionMask = 2147483647;
			files = (
			);
			runOnlyForDeploymentPostprocessing = 0;
		};
/* End PBXFrameworksBuildPhase section */

/* Begin PBXGroup section */
		72B5A9FF2337AE6C00FBBDC9 = {
			isa = PBXGroup;
			children = (
				72B5AA0A2337AE6C00FBBDC9 /* AFOFFMpegLib */,
				72B5AA092337AE6C00FBBDC9 /* Products */,
			);
			sourceTree = "<group>";
		};
		72B5AA092337AE6C00FBBDC9 /* Products */ = {
			isa = PBXGroup;
			children = (
				72B5AA082337AE6C00FBBDC9 /* libAFOFFMpegLib.a */,
			);
			name = Products;
			sourceTree = "<group>";
		};
		72B5AA0A2337AE6C00FBBDC9 /* AFOFFMpegLib */ = {
			isa = PBXGroup;
			children = (
				72B5AA0B2337AE6C00FBBDC9 /* AFOFFMpegLib.h */,
				72B5AA0C2337AE6C00FBBDC9 /* AFOFFMpegLib.m */,
				72B5AA142337AEAA00FBBDC9 /* FFmpeg */,
				72B5AA962337AEAA00FBBDC9 /* x264 */,
			);
			path = AFOFFMpegLib;
			sourceTree = "<group>";
		};
		72B5AA142337AEAA00FBBDC9 /* FFmpeg */ = {
			isa = PBXGroup;
			children = (
				72B5AA152337AEAA00FBBDC9 /* include */,
				72B5AA8D2337AEAA00FBBDC9 /* lib */,
			);
			path = FFmpeg;
			sourceTree = "<group>";
		};
		72B5AA152337AEAA00FBBDC9 /* include */ = {
			isa = PBXGroup;
			children = (
				72B5AA1F2337AEAA00FBBDC9 /* libavutil */,
				72B5AA712337AEAA00FBBDC9 /* libavformat */,
				72B5AA752337AEAA00FBBDC9 /* libswscale */,
				72B5AA782337AEAA00FBBDC9 /* libavcodec */,
				72B5AA8A2337AEAA00FBBDC9 /* libswresample */,
			);
			path = include;
			sourceTree = "<group>";
		};
		72B5AA1F2337AEAA00FBBDC9 /* libavutil */ = {
			isa = PBXGroup;
			children = (
				72B5AA202337AEAA00FBBDC9 /* hwcontext.h */,
				72B5AA212337AEAA00FBBDC9 /* time.h */,
				72B5AA222337AEAA00FBBDC9 /* hwcontext_cuda.h */,
				72B5AA232337AEAA00FBBDC9 /* intfloat.h */,
				72B5AA242337AEAA00FBBDC9 /* error.h */,
				72B5AA252337AEAA00FBBDC9 /* fifo.h */,
				72B5AA262337AEAA00FBBDC9 /* blowfish.h */,
				72B5AA272337AEAA00FBBDC9 /* replaygain.h */,
				72B5AA282337AEAA00FBBDC9 /* version.h */,
				72B5AA292337AEAA00FBBDC9 /* murmur3.h */,
				72B5AA2A2337AEAA00FBBDC9 /* stereo3d.h */,
				72B5AA2B2337AEAA00FBBDC9 /* samplefmt.h */,
				72B5AA2C2337AEAA00FBBDC9 /* pixdesc.h */,
				72B5AA2D2337AEAA00FBBDC9 /* base64.h */,
				72B5AA2E2337AEAA00FBBDC9 /* rational.h */,
				72B5AA2F2337AEAA00FBBDC9 /* sha.h */,
				72B5AA302337AEAA00FBBDC9 /* motion_vector.h */,
				72B5AA312337AEAA00FBBDC9 /* avconfig.h */,
				72B5AA322337AEAA00FBBDC9 /* lfg.h */,
				72B5AA332337AEAA00FBBDC9 /* avutil.h */,
				72B5AA342337AEAA00FBBDC9 /* xtea.h */,
				72B5AA352337AEAA00FBBDC9 /* crc.h */,
				72B5AA362337AEAA00FBBDC9 /* hwcontext_vdpau.h */,
				72B5AA372337AEAA00FBBDC9 /* frame.h */,
				72B5AA382337AEAA00FBBDC9 /* file.h */,
				72B5AA392337AEAA00FBBDC9 /* md5.h */,
				72B5AA3A2337AEAA00FBBDC9 /* cast5.h */,
				72B5AA3B2337AEAA00FBBDC9 /* hwcontext_vaapi.h */,
				72B5AA3C2337AEAA00FBBDC9 /* spherical.h */,
				72B5AA3D2337AEAA00FBBDC9 /* ffversion.h */,
				72B5AA3E2337AEAA00FBBDC9 /* audio_fifo.h */,
				72B5AA3F2337AEAA00FBBDC9 /* tree.h */,
				72B5AA402337AEAA00FBBDC9 /* threadmessage.h */,
				72B5AA412337AEAA00FBBDC9 /* attributes.h */,
				72B5AA422337AEAA00FBBDC9 /* adler32.h */,
				72B5AA432337AEAA00FBBDC9 /* hwcontext_d3d11va.h */,
				72B5AA442337AEAA00FBBDC9 /* timecode.h */,
				72B5AA452337AEAA00FBBDC9 /* sha512.h */,
				72B5AA462337AEAA00FBBDC9 /* hwcontext_dxva2.h */,
				72B5AA472337AEAA00FBBDC9 /* display.h */,
				72B5AA482337AEAA00FBBDC9 /* buffer.h */,
				72B5AA492337AEAA00FBBDC9 /* camellia.h */,
				72B5AA4A2337AEAA00FBBDC9 /* pixelutils.h */,
				72B5AA4B2337AEAA00FBBDC9 /* hwcontext_drm.h */,
				72B5AA4C2337AEAA00FBBDC9 /* common.h */,
				72B5AA4D2337AEAA00FBBDC9 /* hmac.h */,
				72B5AA4E2337AEAA00FBBDC9 /* eval.h */,
				72B5AA4F2337AEAA00FBBDC9 /* dict.h */,
				72B5AA502337AEAA00FBBDC9 /* random_seed.h */,
				72B5AA512337AEAA00FBBDC9 /* opt.h */,
				72B5AA522337AEAA00FBBDC9 /* mastering_display_metadata.h */,
				72B5AA532337AEAA00FBBDC9 /* log.h */,
				72B5AA542337AEAA00FBBDC9 /* aes.h */,
				72B5AA552337AEAA00FBBDC9 /* macros.h */,
				72B5AA562337AEAA00FBBDC9 /* bswap.h */,
				72B5AA572337AEAA00FBBDC9 /* rc4.h */,
				72B5AA582337AEAA00FBBDC9 /* tea.h */,
				72B5AA592337AEAA00FBBDC9 /* cpu.h */,
				72B5AA5A2337AEAA00FBBDC9 /* lzo.h */,
				72B5AA5B2337AEAA00FBBDC9 /* des.h */,
				72B5AA5C2337AEAA00FBBDC9 /* channel_layout.h */,
				72B5AA5D2337AEAA00FBBDC9 /* twofish.h */,
				72B5AA5E2337AEAA00FBBDC9 /* imgutils.h */,
				72B5AA5F2337AEAA00FBBDC9 /* hwcontext_videotoolbox.h */,
				72B5AA602337AEAA00FBBDC9 /* mem.h */,
				72B5AA612337AEAA00FBBDC9 /* parseutils.h */,
				72B5AA622337AEAA00FBBDC9 /* ripemd.h */,
				72B5AA632337AEAA00FBBDC9 /* bprint.h */,
				72B5AA642337AEAA00FBBDC9 /* hwcontext_qsv.h */,
				72B5AA652337AEAA00FBBDC9 /* pixfmt.h */,
				72B5AA662337AEAA00FBBDC9 /* aes_ctr.h */,
				72B5AA672337AEAA00FBBDC9 /* timestamp.h */,
				72B5AA682337AEAA00FBBDC9 /* downmix_info.h */,
				72B5AA692337AEAA00FBBDC9 /* avassert.h */,
				72B5AA6A2337AEAA00FBBDC9 /* hash.h */,
				72B5AA6B2337AEAA00FBBDC9 /* mathematics.h */,
				72B5AA6C2337AEAA00FBBDC9 /* intreadwrite.h */,
				72B5AA6D2337AEAA00FBBDC9 /* avstring.h */,
			);
			path = libavutil;
			sourceTree = "<group>";
		};
		72B5AA712337AEAA00FBBDC9 /* libavformat */ = {
			isa = PBXGroup;
			children = (
				72B5AA722337AEAA00FBBDC9 /* version.h */,
				72B5AA732337AEAA00FBBDC9 /* avio.h */,
				72B5AA742337AEAA00FBBDC9 /* avformat.h */,
			);
			path = libavformat;
			sourceTree = "<group>";
		};
		72B5AA752337AEAA00FBBDC9 /* libswscale */ = {
			isa = PBXGroup;
			children = (
				72B5AA762337AEAA00FBBDC9 /* version.h */,
				72B5AA772337AEAA00FBBDC9 /* swscale.h */,
			);
			path = libswscale;
			sourceTree = "<group>";
		};
		72B5AA782337AEAA00FBBDC9 /* libavcodec */ = {
			isa = PBXGroup;
			children = (
				72B5AA792337AEAA00FBBDC9 /* avcodec.h */,
				72B5AA7A2337AEAA00FBBDC9 /* version.h */,
				72B5AA7B2337AEAA00FBBDC9 /* vdpau.h */,
				72B5AA7C2337AEAA00FBBDC9 /* qsv.h */,
				72B5AA7D2337AEAA00FBBDC9 /* vaapi.h */,
				72B5AA7E2337AEAA00FBBDC9 /* videotoolbox.h */,
				72B5AA7F2337AEAA00FBBDC9 /* xvmc.h */,
				72B5AA802337AEAA00FBBDC9 /* mediacodec.h */,
				72B5AA812337AEAA00FBBDC9 /* d3d11va.h */,
				72B5AA822337AEAA00FBBDC9 /* avfft.h */,
				72B5AA832337AEAA00FBBDC9 /* vda.h */,
				72B5AA842337AEAA00FBBDC9 /* jni.h */,
				72B5AA852337AEAA00FBBDC9 /* dirac.h */,
				72B5AA862337AEAA00FBBDC9 /* avdct.h */,
				72B5AA872337AEAA00FBBDC9 /* vorbis_parser.h */,
				72B5AA882337AEAA00FBBDC9 /* dxva2.h */,
				72B5AA892337AEAA00FBBDC9 /* dv_profile.h */,
			);
			path = libavcodec;
			sourceTree = "<group>";
		};
		72B5AA8A2337AEAA00FBBDC9 /* libswresample */ = {
			isa = PBXGroup;
			children = (
				72B5AA8B2337AEAA00FBBDC9 /* version.h */,
				72B5AA8C2337AEAA00FBBDC9 /* swresample.h */,
			);
			path = libswresample;
			sourceTree = "<group>";
		};
		72B5AA8D2337AEAA00FBBDC9 /* lib */ = {
			isa = PBXGroup;
			children = (
				72B5AA8E2337AEAA00FBBDC9 /* libavutil.a */,
				72B5AA902337AEAA00FBBDC9 /* libavcodec.a */,
				72B5AA922337AEAA00FBBDC9 /* libavformat.a */,
				72B5AA942337AEAA00FBBDC9 /* libswresample.a */,
				72B5AA952337AEAA00FBBDC9 /* libswscale.a */,
			);
			path = lib;
			sourceTree = "<group>";
		};
		72B5AA962337AEAA00FBBDC9 /* x264 */ = {
			isa = PBXGroup;
			children = (
				72B5AA972337AEAA00FBBDC9 /* include */,
				72B5AA9A2337AEAA00FBBDC9 /* lib */,
			);
			path = x264;
			sourceTree = "<group>";
		};
		72B5AA972337AEAA00FBBDC9 /* include */ = {
			isa = PBXGroup;
			children = (
				72B5AA982337AEAA00FBBDC9 /* x264_config.h */,
				72B5AA992337AEAA00FBBDC9 /* x264.h */,
			);
			path = include;
			sourceTree = "<group>";
		};
		72B5AA9A2337AEAA00FBBDC9 /* lib */ = {
			isa = PBXGroup;
			children = (
				72B5AA9B2337AEAA00FBBDC9 /* libx264.a */,
			);
			path = lib;
			sourceTree = "<group>";
		};
/* End PBXGroup section */

/* Begin PBXNativeTarget section */
		72B5AA072337AE6C00FBBDC9 /* AFOFFMpegLib */ = {
			isa = PBXNativeTarget;
			buildConfigurationList = 72B5AA112337AE6C00FBBDC9 /* Build configuration list for PBXNativeTarget "AFOFFMpegLib" */;
			buildPhases = (
				72B5AA042337AE6C00FBBDC9 /* Sources */,
				72B5AA052337AE6C00FBBDC9 /* Frameworks */,
				72B5AA062337AE6C00FBBDC9 /* CopyFiles */,
			);
			buildRules = (
			);
			dependencies = (
			);
			name = AFOFFMpegLib;
			productName = AFOFFMpegLib;
			productReference = 72B5AA082337AE6C00FBBDC9 /* libAFOFFMpegLib.a */;
			productType = "com.apple.product-type.library.static";
		};
/* End PBXNativeTarget section */

/* Begin PBXProject section */
		72B5AA002337AE6C00FBBDC9 /* Project object */ = {
			isa = PBXProject;
			attributes = {
				LastUpgradeCheck = 1100;
				ORGANIZATIONNAME = piccolo;
				TargetAttributes = {
					72B5AA072337AE6C00FBBDC9 = {
						CreatedOnToolsVersion = 11.0;
					};
				};
			};
			buildConfigurationList = 72B5AA032337AE6C00FBBDC9 /* Build configuration list for PBXProject "AFOFFMpegLib" */;
			compatibilityVersion = "Xcode 9.3";
			developmentRegion = en;
			hasScannedForEncodings = 0;
			knownRegions = (
				en,
				Base,
			);
			mainGroup = 72B5A9FF2337AE6C00FBBDC9;
			productRefGroup = 72B5AA092337AE6C00FBBDC9 /* Products */;
			projectDirPath = "";
			projectRoot = "";
			targets = (
				72B5AA072337AE6C00FBBDC9 /* AFOFFMpegLib */,
			);
		};
/* End PBXProject section */

/* Begin PBXSourcesBuildPhase section */
		72B5AA042337AE6C00FBBDC9 /* Sources */ = {
			isa = PBXSourcesBuildPhase;
			buildActionMask = 2147483647;
			files = (
				72B5AA0D2337AE6C00FBBDC9 /* AFOFFMpegLib.m in Sources */,
			);
			runOnlyForDeploymentPostprocessing = 0;
		};
/* End PBXSourcesBuildPhase section */

/* Begin XCBuildConfiguration section */
		72B5AA0F2337AE6C00FBBDC9 /* Debug */ = {
			isa = XCBuildConfiguration;
			buildSettings = {
				ALWAYS_SEARCH_USER_PATHS = NO;
				CLANG_ANALYZER_NONNULL = YES;
				CLANG_ANALYZER_NUMBER_OBJECT_CONVERSION = YES_AGGRESSIVE;
				CLANG_CXX_LANGUAGE_STANDARD = "gnu++14";
				CLANG_CXX_LIBRARY = "libc++";
				CLANG_ENABLE_MODULES = YES;
				CLANG_ENABLE_OBJC_ARC = YES;
				CLANG_ENABLE_OBJC_WEAK = YES;
				CLANG_WARN_BLOCK_CAPTURE_AUTORELEASING = YES;
				CLANG_WARN_BOOL_CONVERSION = YES;
				CLANG_WARN_COMMA = YES;
				CLANG_WARN_CONSTANT_CONVERSION = YES;
				CLANG_WARN_DEPRECATED_OBJC_IMPLEMENTATIONS = YES;
				CLANG_WARN_DIRECT_OBJC_ISA_USAGE = YES_ERROR;
				CLANG_WARN_DOCUMENTATION_COMMENTS = YES;
				CLANG_WARN_EMPTY_BODY = YES;
				CLANG_WARN_ENUM_CONVERSION = YES;
				CLANG_WARN_INFINITE_RECURSION = YES;
				CLANG_WARN_INT_CONVERSION = YES;
				CLANG_WARN_NON_LITERAL_NULL_CONVERSION = YES;
				CLANG_WARN_OBJC_IMPLICIT_RETAIN_SELF = YES;
				CLANG_WARN_OBJC_LITERAL_CONVERSION = YES;
				CLANG_WARN_OBJC_ROOT_CLASS = YES_ERROR;
				CLANG_WARN_RANGE_LOOP_ANALYSIS = YES;
				CLANG_WARN_STRICT_PROTOTYPES = YES;
				CLANG_WARN_SUSPICIOUS_MOVE = YES;
				CLANG_WARN_UNGUARDED_AVAILABILITY = YES_AGGRESSIVE;
				CLANG_WARN_UNREACHABLE_CODE = YES;
				CLANG_WARN__DUPLICATE_METHOD_MATCH = YES;
				COPY_PHASE_STRIP = NO;
				DEBUG_INFORMATION_FORMAT = dwarf;
				ENABLE_STRICT_OBJC_MSGSEND = YES;
				ENABLE_TESTABILITY = YES;
				GCC_C_LANGUAGE_STANDARD = gnu11;
				GCC_DYNAMIC_NO_PIC = NO;
				GCC_NO_COMMON_BLOCKS = YES;
				GCC_OPTIMIZATION_LEVEL = 0;
				GCC_PREPROCESSOR_DEFINITIONS = (
					"DEBUG=1",
					"$(inherited)",
				);
				GCC_WARN_64_TO_32_BIT_CONVERSION = YES;
				GCC_WARN_ABOUT_RETURN_TYPE = YES_ERROR;
				GCC_WARN_UNDECLARED_SELECTOR = YES;
				GCC_WARN_UNINITIALIZED_AUTOS = YES_AGGRESSIVE;
				GCC_WARN_UNUSED_FUNCTION = YES;
				GCC_WARN_UNUSED_VARIABLE = YES;
				IPHONEOS_DEPLOYMENT_TARGET = 8.0;
				MTL_ENABLE_DEBUG_INFO = INCLUDE_SOURCE;
				MTL_FAST_MATH = YES;
				ONLY_ACTIVE_ARCH = YES;
				SDKROOT = iphoneos;
			};
			name = Debug;
		};
		72B5AA102337AE6C00FBBDC9 /* Release */ = {
			isa = XCBuildConfiguration;
			buildSettings = {
				ALWAYS_SEARCH_USER_PATHS = NO;
				CLANG_ANALYZER_NONNULL = YES;
				CLANG_ANALYZER_NUMBER_OBJECT_CONVERSION = YES_AGGRESSIVE;
				CLANG_CXX_LANGUAGE_STANDARD = "gnu++14";
				CLANG_CXX_LIBRARY = "libc++";
				CLANG_ENABLE_MODULES = YES;
				CLANG_ENABLE_OBJC_ARC = YES;
				CLANG_ENABLE_OBJC_WEAK = YES;
				CLANG_WARN_BLOCK_CAPTURE_AUTORELEASING = YES;
				CLANG_WARN_BOOL_CONVERSION = YES;
				CLANG_WARN_COMMA = YES;
				CLANG_WARN_CONSTANT_CONVERSION = YES;
				CLANG_WARN_DEPRECATED_OBJC_IMPLEMENTATIONS = YES;
				CLANG_WARN_DIRECT_OBJC_ISA_USAGE = YES_ERROR;
				CLANG_WARN_DOCUMENTATION_COMMENTS = YES;
				CLANG_WARN_EMPTY_BODY = YES;
				CLANG_WARN_ENUM_CONVERSION = YES;
				CLANG_WARN_INFINITE_RECURSION = YES;
				CLANG_WARN_INT_CONVERSION = YES;
				CLANG_WARN_NON_LITERAL_NULL_CONVERSION = YES;
				CLANG_WARN_OBJC_IMPLICIT_RETAIN_SELF = YES;
				CLANG_WARN_OBJC_LITERAL_CONVERSION = YES;
				CLANG_WARN_OBJC_ROOT_CLASS = YES_ERROR;
				CLANG_WARN_RANGE_LOOP_ANALYSIS = YES;
				CLANG_WARN_STRICT_PROTOTYPES = YES;
				CLANG_WARN_SUSPICIOUS_MOVE = YES;
				CLANG_WARN_UNGUARDED_AVAILABILITY = YES_AGGRESSIVE;
				CLANG_WARN_UNREACHABLE_CODE = YES;
				CLANG_WARN__DUPLICATE_METHOD_MATCH = YES;
				COPY_PHASE_STRIP = NO;
				DEBUG_INFORMATION_FORMAT = "dwarf-with-dsym";
				ENABLE_NS_ASSERTIONS = NO;
				ENABLE_STRICT_OBJC_MSGSEND = YES;
				GCC_C_LANGUAGE_STANDARD = gnu11;
				GCC_NO_COMMON_BLOCKS = YES;
				GCC_WARN_64_TO_32_BIT_CONVERSION = YES;
				GCC_WARN_ABOUT_RETURN_TYPE = YES_ERROR;
				GCC_WARN_UNDECLARED_SELECTOR = YES;
				GCC_WARN_UNINITIALIZED_AUTOS = YES_AGGRESSIVE;
				GCC_WARN_UNUSED_FUNCTION = YES;
				GCC_WARN_UNUSED_VARIABLE = YES;
				IPHONEOS_DEPLOYMENT_TARGET = 8.0;
				MTL_ENABLE_DEBUG_INFO = NO;
				MTL_FAST_MATH = YES;
				SDKROOT = iphoneos;
				VALIDATE_PRODUCT = YES;
			};
			name = Release;
		};
		72B5AA122337AE6C00FBBDC9 /* Debug */ = {
			isa = XCBuildConfiguration;
			buildSettings = {
				CODE_SIGN_STYLE = Automatic;
				ENABLE_BITCODE = NO;
				LIBRARY_SEARCH_PATHS = (
					"$(inherited)",
					"$(PROJECT_DIR)/AFOFFMpegLib/FFmpeg/lib",
					"$(PROJECT_DIR)/AFOFFMpegLib/x264/lib",
				);
				OTHER_LDFLAGS = (
					"-ObjC",
					"-all_load",
				);
				PRODUCT_NAME = "$(TARGET_NAME)";
				SKIP_INSTALL = YES;
				TARGETED_DEVICE_FAMILY = "1,2";
			};
			name = Debug;
		};
		72B5AA132337AE6C00FBBDC9 /* Release */ = {
			isa = XCBuildConfiguration;
			buildSettings = {
				CODE_SIGN_STYLE = Automatic;
				ENABLE_BITCODE = NO;
				LIBRARY_SEARCH_PATHS = (
					"$(inherited)",
					"$(PROJECT_DIR)/AFOFFMpegLib/FFmpeg/lib",
					"$(PROJECT_DIR)/AFOFFMpegLib/x264/lib",
				);
				OTHER_LDFLAGS = (
					"-ObjC",
					"-all_load",
				);
				PRODUCT_NAME = "$(TARGET_NAME)";
				SKIP_INSTALL = YES;
				TARGETED_DEVICE_FAMILY = "1,2";
			};
			name = Release;
		};
/* End XCBuildConfiguration section */

/* Begin XCConfigurationList section */
		72B5AA032337AE6C00FBBDC9 /* Build configuration list for PBXProject "AFOFFMpegLib" */ = {
			isa = XCConfigurationList;
			buildConfigurations = (
				72B5AA0F2337AE6C00FBBDC9 /* Debug */,
				72B5AA102337AE6C00FBBDC9 /* Release */,
			);
			defaultConfigurationIsVisible = 0;
			defaultConfigurationName = Release;
		};
		72B5AA112337AE6C00FBBDC9 /* Build configuration list for PBXNativeTarget "AFOFFMpegLib" */ = {
			isa = XCConfigurationList;
			buildConfigurations = (
				72B5AA122337AE6C00FBBDC9 /* Debug */,
				72B5AA132337AE6C00FBBDC9 /* Release */,
			);
			defaultConfigurationIsVisible = 0;
			defaultConfigurationName = Release;
		};
/* End XCConfigurationList section */
	};
	rootObject = 72B5AA002337AE6C00FBBDC9 /* Project object */;
}
